// !$*UTF8*$!
{
	archiveVersion = 1;
	classes = {
	};
	objectVersion = 56;
	objects = {

/* Begin PBXBuildFile section */
		B61B06752B3D61CA00E04E46 /* NetworkManagerHelper.swift in Sources */ = {isa = PBXBuildFile; fileRef = B61B06742B3D61CA00E04E46 /* NetworkManagerHelper.swift */; };
		B61B067B2B3D654600E04E46 /* ImagePicker.swift in Sources */ = {isa = PBXBuildFile; fileRef = B61B067A2B3D654600E04E46 /* ImagePicker.swift */; };
		B61B067D2B3E490B00E04E46 /* ActivityIndicator.swift in Sources */ = {isa = PBXBuildFile; fileRef = B61B067C2B3E490B00E04E46 /* ActivityIndicator.swift */; };
		B61B067F2B3E50D800E04E46 /* LoadingStateViewModel.swift in Sources */ = {isa = PBXBuildFile; fileRef = B61B067E2B3E50D800E04E46 /* LoadingStateViewModel.swift */; };
		B61B07282B3E5E5600E04E46 /* CocktailDetailView.swift in Sources */ = {isa = PBXBuildFile; fileRef = B61B07272B3E5E5600E04E46 /* CocktailDetailView.swift */; };
		B61B072A2B3EAD1300E04E46 /* IngredientType.swift in Sources */ = {isa = PBXBuildFile; fileRef = B61B07292B3EAD1300E04E46 /* IngredientType.swift */; };
		B61B072C2B3ED87100E04E46 /* IngredientsView.swift in Sources */ = {isa = PBXBuildFile; fileRef = B61B072B2B3ED87100E04E46 /* IngredientsView.swift */; };
		B61B072E2B3ED8B800E04E46 /* RecipeSectionView.swift in Sources */ = {isa = PBXBuildFile; fileRef = B61B072D2B3ED8B800E04E46 /* RecipeSectionView.swift */; };
		B61B07302B3FB59700E04E46 /* CustomColors.swift in Sources */ = {isa = PBXBuildFile; fileRef = B61B072F2B3FB59700E04E46 /* CustomColors.swift */; };
		B61B07322B40248300E04E46 /* BarNetworkManager.swift in Sources */ = {isa = PBXBuildFile; fileRef = B61B07312B40248300E04E46 /* BarNetworkManager.swift */; };
		B660618C2B0D9556002F8DF2 /* CellarView.swift in Sources */ = {isa = PBXBuildFile; fileRef = B660618B2B0D9556002F8DF2 /* CellarView.swift */; };
		B660618E2B0D97DE002F8DF2 /* CocktailMenuView.swift in Sources */ = {isa = PBXBuildFile; fileRef = B660618D2B0D97DE002F8DF2 /* CocktailMenuView.swift */; };
		B66061912B0D98A3002F8DF2 /* BuilderView.swift in Sources */ = {isa = PBXBuildFile; fileRef = B66061902B0D98A3002F8DF2 /* BuilderView.swift */; };
		B66061942B0DF822002F8DF2 /* Cellar.swift in Sources */ = {isa = PBXBuildFile; fileRef = B66061932B0DF822002F8DF2 /* Cellar.swift */; };
		B66061962B0DFED9002F8DF2 /* CellarViewModel.swift in Sources */ = {isa = PBXBuildFile; fileRef = B66061952B0DFED9002F8DF2 /* CellarViewModel.swift */; };
		B66061992B13403C002F8DF2 /* CellarNetworkManager.swift in Sources */ = {isa = PBXBuildFile; fileRef = B66061982B13403C002F8DF2 /* CellarNetworkManager.swift */; };
		B660619B2B15EAF1002F8DF2 /* BottleDetailView.swift in Sources */ = {isa = PBXBuildFile; fileRef = B660619A2B15EAF1002F8DF2 /* BottleDetailView.swift */; };
		B66A2B042B3968A9000EFF6F /* AddMenuSheetView.swift in Sources */ = {isa = PBXBuildFile; fileRef = B66A2B032B3968A9000EFF6F /* AddMenuSheetView.swift */; };
		B66A2B062B397DF6000EFF6F /* CocktailMenuDetailView.swift in Sources */ = {isa = PBXBuildFile; fileRef = B66A2B052B397DF6000EFF6F /* CocktailMenuDetailView.swift */; };
		B6814B402B3821DE00B3194D /* CocktailNetworkManager.swift in Sources */ = {isa = PBXBuildFile; fileRef = B6814B3F2B3821DE00B3194D /* CocktailNetworkManager.swift */; };
		B6814B422B382A6300B3194D /* MenuNetworkManager.swift in Sources */ = {isa = PBXBuildFile; fileRef = B6814B412B382A6300B3194D /* MenuNetworkManager.swift */; };
		B68CA52A2B05D58A00F83F80 /* bartender_swiftApp.swift in Sources */ = {isa = PBXBuildFile; fileRef = B68CA5292B05D58A00F83F80 /* bartender_swiftApp.swift */; };
		B68CA52C2B05D58A00F83F80 /* ContentView.swift in Sources */ = {isa = PBXBuildFile; fileRef = B68CA52B2B05D58A00F83F80 /* ContentView.swift */; };
		B68CA52E2B05D58B00F83F80 /* Assets.xcassets in Resources */ = {isa = PBXBuildFile; fileRef = B68CA52D2B05D58B00F83F80 /* Assets.xcassets */; };
		B68CA5312B05D58B00F83F80 /* Preview Assets.xcassets in Resources */ = {isa = PBXBuildFile; fileRef = B68CA5302B05D58B00F83F80 /* Preview Assets.xcassets */; };
		B68CA5362B05D58B00F83F80 /* bartender_swift.xcdatamodeld in Sources */ = {isa = PBXBuildFile; fileRef = B68CA5342B05D58B00F83F80 /* bartender_swift.xcdatamodeld */; };
		B68CA53F2B05DA8900F83F80 /* Functions in Frameworks */ = {isa = PBXBuildFile; productRef = B68CA53E2B05DA8900F83F80 /* Functions */; };
		B68CA5412B05DA8900F83F80 /* GoTrue in Frameworks */ = {isa = PBXBuildFile; productRef = B68CA5402B05DA8900F83F80 /* GoTrue */; };
		B68CA5432B05DA8900F83F80 /* PostgREST in Frameworks */ = {isa = PBXBuildFile; productRef = B68CA5422B05DA8900F83F80 /* PostgREST */; };
		B68CA5452B05DA8900F83F80 /* Realtime in Frameworks */ = {isa = PBXBuildFile; productRef = B68CA5442B05DA8900F83F80 /* Realtime */; };
		B68CA5472B05DA8900F83F80 /* Storage in Frameworks */ = {isa = PBXBuildFile; productRef = B68CA5462B05DA8900F83F80 /* Storage */; };
		B68CA5492B05DA8900F83F80 /* Supabase in Frameworks */ = {isa = PBXBuildFile; productRef = B68CA5482B05DA8900F83F80 /* Supabase */; };
		B68CA54D2B05E53800F83F80 /* SignInApple.swift in Sources */ = {isa = PBXBuildFile; fileRef = B68CA54C2B05E53800F83F80 /* SignInApple.swift */; };
		B68CA5502B05E56F00F83F80 /* SignInViewModel.swift in Sources */ = {isa = PBXBuildFile; fileRef = B68CA54F2B05E56F00F83F80 /* SignInViewModel.swift */; };
		B68CA5522B05E5F800F83F80 /* AuthManager.swift in Sources */ = {isa = PBXBuildFile; fileRef = B68CA5512B05E5F800F83F80 /* AuthManager.swift */; };
		B68CA5552B05ED3600F83F80 /* SignInView.swift in Sources */ = {isa = PBXBuildFile; fileRef = B68CA5542B05ED3600F83F80 /* SignInView.swift */; };
		B68CA5572B05EEFE00F83F80 /* SignInGoogle.swift in Sources */ = {isa = PBXBuildFile; fileRef = B68CA5562B05EEFE00F83F80 /* SignInGoogle.swift */; };
		B68CA55A2B05F02400F83F80 /* GoogleSignIn in Frameworks */ = {isa = PBXBuildFile; productRef = B68CA5592B05F02400F83F80 /* GoogleSignIn */; };
		B68CA55C2B05F02400F83F80 /* GoogleSignInSwift in Frameworks */ = {isa = PBXBuildFile; productRef = B68CA55B2B05F02400F83F80 /* GoogleSignInSwift */; };
		B68CA55E2B05F19200F83F80 /* RegistrationView.swift in Sources */ = {isa = PBXBuildFile; fileRef = B68CA55D2B05F19200F83F80 /* RegistrationView.swift */; };
		B68CA5602B05F53900F83F80 /* HomeView.swift in Sources */ = {isa = PBXBuildFile; fileRef = B68CA55F2B05F53900F83F80 /* HomeView.swift */; };
		B6B62A122B2EB8BC0059E8C5 /* AddBottleView.swift in Sources */ = {isa = PBXBuildFile; fileRef = B6B62A112B2EB8BC0059E8C5 /* AddBottleView.swift */; };
		B6B62A142B2EBAFC0059E8C5 /* BottleType.swift in Sources */ = {isa = PBXBuildFile; fileRef = B6B62A132B2EBAFC0059E8C5 /* BottleType.swift */; };
		B6B62A162B36BC010059E8C5 /* CocktailViewModel.swift in Sources */ = {isa = PBXBuildFile; fileRef = B6B62A152B36BC010059E8C5 /* CocktailViewModel.swift */; };
		B6B62A182B36C0680059E8C5 /* Cocktail.swift in Sources */ = {isa = PBXBuildFile; fileRef = B6B62A172B36C0680059E8C5 /* Cocktail.swift */; };
		B6DB39002B3961C6006F3221 /* MenuCardView.swift in Sources */ = {isa = PBXBuildFile; fileRef = B6DB38FF2B3961C6006F3221 /* MenuCardView.swift */; };
/* End PBXBuildFile section */

/* Begin PBXFileReference section */
		B61B06742B3D61CA00E04E46 /* NetworkManagerHelper.swift */ = {isa = PBXFileReference; lastKnownFileType = sourcecode.swift; path = NetworkManagerHelper.swift; sourceTree = "<group>"; };
		B61B067A2B3D654600E04E46 /* ImagePicker.swift */ = {isa = PBXFileReference; lastKnownFileType = sourcecode.swift; path = ImagePicker.swift; sourceTree = "<group>"; };
		B61B067C2B3E490B00E04E46 /* ActivityIndicator.swift */ = {isa = PBXFileReference; lastKnownFileType = sourcecode.swift; path = ActivityIndicator.swift; sourceTree = "<group>"; };
		B61B067E2B3E50D800E04E46 /* LoadingStateViewModel.swift */ = {isa = PBXFileReference; lastKnownFileType = sourcecode.swift; path = LoadingStateViewModel.swift; sourceTree = "<group>"; };
		B61B07272B3E5E5600E04E46 /* CocktailDetailView.swift */ = {isa = PBXFileReference; lastKnownFileType = sourcecode.swift; path = CocktailDetailView.swift; sourceTree = "<group>"; };
		B61B07292B3EAD1300E04E46 /* IngredientType.swift */ = {isa = PBXFileReference; lastKnownFileType = sourcecode.swift; path = IngredientType.swift; sourceTree = "<group>"; };
		B61B072B2B3ED87100E04E46 /* IngredientsView.swift */ = {isa = PBXFileReference; lastKnownFileType = sourcecode.swift; path = IngredientsView.swift; sourceTree = "<group>"; };
		B61B072D2B3ED8B800E04E46 /* RecipeSectionView.swift */ = {isa = PBXFileReference; lastKnownFileType = sourcecode.swift; path = RecipeSectionView.swift; sourceTree = "<group>"; };
		B61B072F2B3FB59700E04E46 /* CustomColors.swift */ = {isa = PBXFileReference; lastKnownFileType = sourcecode.swift; path = CustomColors.swift; sourceTree = "<group>"; };
		B61B07312B40248300E04E46 /* BarNetworkManager.swift */ = {isa = PBXFileReference; lastKnownFileType = sourcecode.swift; path = BarNetworkManager.swift; sourceTree = "<group>"; };
		B660618B2B0D9556002F8DF2 /* CellarView.swift */ = {isa = PBXFileReference; lastKnownFileType = sourcecode.swift; path = CellarView.swift; sourceTree = "<group>"; };
		B660618D2B0D97DE002F8DF2 /* CocktailMenuView.swift */ = {isa = PBXFileReference; lastKnownFileType = sourcecode.swift; path = CocktailMenuView.swift; sourceTree = "<group>"; };
		B66061902B0D98A3002F8DF2 /* BuilderView.swift */ = {isa = PBXFileReference; lastKnownFileType = sourcecode.swift; path = BuilderView.swift; sourceTree = "<group>"; };
		B66061932B0DF822002F8DF2 /* Cellar.swift */ = {isa = PBXFileReference; lastKnownFileType = sourcecode.swift; path = Cellar.swift; sourceTree = "<group>"; };
		B66061952B0DFED9002F8DF2 /* CellarViewModel.swift */ = {isa = PBXFileReference; lastKnownFileType = sourcecode.swift; path = CellarViewModel.swift; sourceTree = "<group>"; };
		B66061982B13403C002F8DF2 /* CellarNetworkManager.swift */ = {isa = PBXFileReference; lastKnownFileType = sourcecode.swift; path = CellarNetworkManager.swift; sourceTree = "<group>"; };
		B660619A2B15EAF1002F8DF2 /* BottleDetailView.swift */ = {isa = PBXFileReference; lastKnownFileType = sourcecode.swift; path = BottleDetailView.swift; sourceTree = "<group>"; };
		B66A2B032B3968A9000EFF6F /* AddMenuSheetView.swift */ = {isa = PBXFileReference; lastKnownFileType = sourcecode.swift; path = AddMenuSheetView.swift; sourceTree = "<group>"; };
		B66A2B052B397DF6000EFF6F /* CocktailMenuDetailView.swift */ = {isa = PBXFileReference; lastKnownFileType = sourcecode.swift; path = CocktailMenuDetailView.swift; sourceTree = "<group>"; };
		B6814B3F2B3821DE00B3194D /* CocktailNetworkManager.swift */ = {isa = PBXFileReference; lastKnownFileType = sourcecode.swift; path = CocktailNetworkManager.swift; sourceTree = "<group>"; };
		B6814B412B382A6300B3194D /* MenuNetworkManager.swift */ = {isa = PBXFileReference; lastKnownFileType = sourcecode.swift; path = MenuNetworkManager.swift; sourceTree = "<group>"; };
		B68CA5262B05D58A00F83F80 /* bartender-swift.app */ = {isa = PBXFileReference; explicitFileType = wrapper.application; includeInIndex = 0; path = "bartender-swift.app"; sourceTree = BUILT_PRODUCTS_DIR; };
		B68CA5292B05D58A00F83F80 /* bartender_swiftApp.swift */ = {isa = PBXFileReference; lastKnownFileType = sourcecode.swift; path = bartender_swiftApp.swift; sourceTree = "<group>"; };
		B68CA52B2B05D58A00F83F80 /* ContentView.swift */ = {isa = PBXFileReference; lastKnownFileType = sourcecode.swift; path = ContentView.swift; sourceTree = "<group>"; };
		B68CA52D2B05D58B00F83F80 /* Assets.xcassets */ = {isa = PBXFileReference; lastKnownFileType = folder.assetcatalog; path = Assets.xcassets; sourceTree = "<group>"; };
		B68CA5302B05D58B00F83F80 /* Preview Assets.xcassets */ = {isa = PBXFileReference; lastKnownFileType = folder.assetcatalog; path = "Preview Assets.xcassets"; sourceTree = "<group>"; };
		B68CA5352B05D58B00F83F80 /* bartender_swift.xcdatamodel */ = {isa = PBXFileReference; lastKnownFileType = wrapper.xcdatamodel; path = bartender_swift.xcdatamodel; sourceTree = "<group>"; };
		B68CA5372B05D58B00F83F80 /* Info.plist */ = {isa = PBXFileReference; lastKnownFileType = text.plist.xml; path = Info.plist; sourceTree = "<group>"; };
		B68CA54C2B05E53800F83F80 /* SignInApple.swift */ = {isa = PBXFileReference; lastKnownFileType = sourcecode.swift; path = SignInApple.swift; sourceTree = "<group>"; };
		B68CA54F2B05E56F00F83F80 /* SignInViewModel.swift */ = {isa = PBXFileReference; lastKnownFileType = sourcecode.swift; path = SignInViewModel.swift; sourceTree = "<group>"; };
		B68CA5512B05E5F800F83F80 /* AuthManager.swift */ = {isa = PBXFileReference; lastKnownFileType = sourcecode.swift; path = AuthManager.swift; sourceTree = "<group>"; };
		B68CA5532B05E91000F83F80 /* bartender-swift.entitlements */ = {isa = PBXFileReference; lastKnownFileType = text.plist.entitlements; path = "bartender-swift.entitlements"; sourceTree = "<group>"; };
		B68CA5542B05ED3600F83F80 /* SignInView.swift */ = {isa = PBXFileReference; lastKnownFileType = sourcecode.swift; path = SignInView.swift; sourceTree = "<group>"; };
		B68CA5562B05EEFE00F83F80 /* SignInGoogle.swift */ = {isa = PBXFileReference; lastKnownFileType = sourcecode.swift; path = SignInGoogle.swift; sourceTree = "<group>"; };
		B68CA55D2B05F19200F83F80 /* RegistrationView.swift */ = {isa = PBXFileReference; lastKnownFileType = sourcecode.swift; path = RegistrationView.swift; sourceTree = "<group>"; };
		B68CA55F2B05F53900F83F80 /* HomeView.swift */ = {isa = PBXFileReference; lastKnownFileType = sourcecode.swift; path = HomeView.swift; sourceTree = "<group>"; };
		B6B62A112B2EB8BC0059E8C5 /* AddBottleView.swift */ = {isa = PBXFileReference; lastKnownFileType = sourcecode.swift; path = AddBottleView.swift; sourceTree = "<group>"; };
		B6B62A132B2EBAFC0059E8C5 /* BottleType.swift */ = {isa = PBXFileReference; lastKnownFileType = sourcecode.swift; path = BottleType.swift; sourceTree = "<group>"; };
		B6B62A152B36BC010059E8C5 /* CocktailViewModel.swift */ = {isa = PBXFileReference; lastKnownFileType = sourcecode.swift; path = CocktailViewModel.swift; sourceTree = "<group>"; };
		B6B62A172B36C0680059E8C5 /* Cocktail.swift */ = {isa = PBXFileReference; lastKnownFileType = sourcecode.swift; path = Cocktail.swift; sourceTree = "<group>"; };
		B6DB38FF2B3961C6006F3221 /* MenuCardView.swift */ = {isa = PBXFileReference; lastKnownFileType = sourcecode.swift; path = MenuCardView.swift; sourceTree = "<group>"; };
/* End PBXFileReference section */

/* Begin PBXFrameworksBuildPhase section */
		B68CA5232B05D58A00F83F80 /* Frameworks */ = {
			isa = PBXFrameworksBuildPhase;
			buildActionMask = 2147483647;
			files = (
				B68CA5432B05DA8900F83F80 /* PostgREST in Frameworks */,
				B68CA5412B05DA8900F83F80 /* GoTrue in Frameworks */,
				B68CA5492B05DA8900F83F80 /* Supabase in Frameworks */,
				B68CA55C2B05F02400F83F80 /* GoogleSignInSwift in Frameworks */,
				B68CA53F2B05DA8900F83F80 /* Functions in Frameworks */,
				B68CA5472B05DA8900F83F80 /* Storage in Frameworks */,
				B68CA5452B05DA8900F83F80 /* Realtime in Frameworks */,
				B68CA55A2B05F02400F83F80 /* GoogleSignIn in Frameworks */,
			);
			runOnlyForDeploymentPostprocessing = 0;
		};
/* End PBXFrameworksBuildPhase section */

/* Begin PBXGroup section */
		B61B06792B3D653100E04E46 /* Auxiliary */ = {
			isa = PBXGroup;
			children = (
				B61B067A2B3D654600E04E46 /* ImagePicker.swift */,
				B61B067C2B3E490B00E04E46 /* ActivityIndicator.swift */,
				B61B067E2B3E50D800E04E46 /* LoadingStateViewModel.swift */,
				B61B072F2B3FB59700E04E46 /* CustomColors.swift */,
			);
			path = Auxiliary;
			sourceTree = "<group>";
		};
		B61B06802B3E59B300E04E46 /* Resources */ = {
			isa = PBXGroup;
			children = (
			);
			path = Resources;
			sourceTree = "<group>";
		};
		B66061862B0D939B002F8DF2 /* Cellar */ = {
			isa = PBXGroup;
			children = (
				B660618B2B0D9556002F8DF2 /* CellarView.swift */,
				B66061952B0DFED9002F8DF2 /* CellarViewModel.swift */,
				B660619A2B15EAF1002F8DF2 /* BottleDetailView.swift */,
				B6B62A112B2EB8BC0059E8C5 /* AddBottleView.swift */,
			);
			path = Cellar;
			sourceTree = "<group>";
		};
		B66061882B0D93F9002F8DF2 /* Cocktail */ = {
			isa = PBXGroup;
			children = (
				B660618D2B0D97DE002F8DF2 /* CocktailMenuView.swift */,
				B6B62A152B36BC010059E8C5 /* CocktailViewModel.swift */,
				B6DB38FF2B3961C6006F3221 /* MenuCardView.swift */,
				B66A2B032B3968A9000EFF6F /* AddMenuSheetView.swift */,
				B66A2B052B397DF6000EFF6F /* CocktailMenuDetailView.swift */,
				B61B07272B3E5E5600E04E46 /* CocktailDetailView.swift */,
				B61B072B2B3ED87100E04E46 /* IngredientsView.swift */,
				B61B072D2B3ED8B800E04E46 /* RecipeSectionView.swift */,
			);
			path = Cocktail;
			sourceTree = "<group>";
		};
		B660618F2B0D988C002F8DF2 /* Builder */ = {
			isa = PBXGroup;
			children = (
				B66061902B0D98A3002F8DF2 /* BuilderView.swift */,
			);
			path = Builder;
			sourceTree = "<group>";
		};
		B66061922B0DF80C002F8DF2 /* Models */ = {
			isa = PBXGroup;
			children = (
				B66061932B0DF822002F8DF2 /* Cellar.swift */,
				B6B62A132B2EBAFC0059E8C5 /* BottleType.swift */,
				B6B62A172B36C0680059E8C5 /* Cocktail.swift */,
				B61B07292B3EAD1300E04E46 /* IngredientType.swift */,
			);
			path = Models;
			sourceTree = "<group>";
		};
		B66061972B134029002F8DF2 /* Api */ = {
			isa = PBXGroup;
			children = (
				B66061982B13403C002F8DF2 /* CellarNetworkManager.swift */,
				B6814B3F2B3821DE00B3194D /* CocktailNetworkManager.swift */,
				B6814B412B382A6300B3194D /* MenuNetworkManager.swift */,
				B61B06742B3D61CA00E04E46 /* NetworkManagerHelper.swift */,
				B61B07312B40248300E04E46 /* BarNetworkManager.swift */,
			);
			path = Api;
			sourceTree = "<group>";
		};
		B68CA51D2B05D58A00F83F80 = {
			isa = PBXGroup;
			children = (
				B68CA5282B05D58A00F83F80 /* bartender-swift */,
				B68CA5272B05D58A00F83F80 /* Products */,
			);
			sourceTree = "<group>";
		};
		B68CA5272B05D58A00F83F80 /* Products */ = {
			isa = PBXGroup;
			children = (
				B68CA5262B05D58A00F83F80 /* bartender-swift.app */,
			);
			name = Products;
			sourceTree = "<group>";
		};
		B68CA5282B05D58A00F83F80 /* bartender-swift */ = {
			isa = PBXGroup;
			children = (
				B61B06792B3D653100E04E46 /* Auxiliary */,
				B68CA5532B05E91000F83F80 /* bartender-swift.entitlements */,
				B66061972B134029002F8DF2 /* Api */,
				B66061862B0D939B002F8DF2 /* Cellar */,
				B66061922B0DF80C002F8DF2 /* Models */,
				B660618F2B0D988C002F8DF2 /* Builder */,
				B66061882B0D93F9002F8DF2 /* Cocktail */,
				B68CA54B2B05E51C00F83F80 /* Auth */,
				B68CA5292B05D58A00F83F80 /* bartender_swiftApp.swift */,
				B68CA52B2B05D58A00F83F80 /* ContentView.swift */,
				B68CA55F2B05F53900F83F80 /* HomeView.swift */,
				B68CA52D2B05D58B00F83F80 /* Assets.xcassets */,
				B61B06802B3E59B300E04E46 /* Resources */,
				B68CA5372B05D58B00F83F80 /* Info.plist */,
				B68CA5342B05D58B00F83F80 /* bartender_swift.xcdatamodeld */,
				B68CA52F2B05D58B00F83F80 /* Preview Content */,
			);
			path = "bartender-swift";
			sourceTree = "<group>";
		};
		B68CA52F2B05D58B00F83F80 /* Preview Content */ = {
			isa = PBXGroup;
			children = (
				B68CA5302B05D58B00F83F80 /* Preview Assets.xcassets */,
			);
			path = "Preview Content";
			sourceTree = "<group>";
		};
		B68CA54B2B05E51C00F83F80 /* Auth */ = {
			isa = PBXGroup;
			children = (
				B68CA54C2B05E53800F83F80 /* SignInApple.swift */,
				B68CA54F2B05E56F00F83F80 /* SignInViewModel.swift */,
				B68CA5512B05E5F800F83F80 /* AuthManager.swift */,
				B68CA5542B05ED3600F83F80 /* SignInView.swift */,
				B68CA5562B05EEFE00F83F80 /* SignInGoogle.swift */,
				B68CA55D2B05F19200F83F80 /* RegistrationView.swift */,
			);
			path = Auth;
			sourceTree = "<group>";
		};
/* End PBXGroup section */

/* Begin PBXNativeTarget section */
		B68CA5252B05D58A00F83F80 /* bartender-swift */ = {
			isa = PBXNativeTarget;
			buildConfigurationList = B68CA53A2B05D58B00F83F80 /* Build configuration list for PBXNativeTarget "bartender-swift" */;
			buildPhases = (
				B68CA5222B05D58A00F83F80 /* Sources */,
				B68CA5232B05D58A00F83F80 /* Frameworks */,
				B68CA5242B05D58A00F83F80 /* Resources */,
			);
			buildRules = (
			);
			dependencies = (
			);
			name = "bartender-swift";
			packageProductDependencies = (
				B68CA53E2B05DA8900F83F80 /* Functions */,
				B68CA5402B05DA8900F83F80 /* GoTrue */,
				B68CA5422B05DA8900F83F80 /* PostgREST */,
				B68CA5442B05DA8900F83F80 /* Realtime */,
				B68CA5462B05DA8900F83F80 /* Storage */,
				B68CA5482B05DA8900F83F80 /* Supabase */,
				B68CA5592B05F02400F83F80 /* GoogleSignIn */,
				B68CA55B2B05F02400F83F80 /* GoogleSignInSwift */,
			);
			productName = "bartender-swift";
			productReference = B68CA5262B05D58A00F83F80 /* bartender-swift.app */;
			productType = "com.apple.product-type.application";
		};
/* End PBXNativeTarget section */

/* Begin PBXProject section */
		B68CA51E2B05D58A00F83F80 /* Project object */ = {
			isa = PBXProject;
			attributes = {
				BuildIndependentTargetsInParallel = 1;
				LastSwiftUpdateCheck = 1430;
				LastUpgradeCheck = 1430;
				TargetAttributes = {
					B68CA5252B05D58A00F83F80 = {
						CreatedOnToolsVersion = 14.3.1;
					};
				};
			};
			buildConfigurationList = B68CA5212B05D58A00F83F80 /* Build configuration list for PBXProject "bartender-swift" */;
			compatibilityVersion = "Xcode 14.0";
			developmentRegion = en;
			hasScannedForEncodings = 0;
			knownRegions = (
				en,
				Base,
			);
			mainGroup = B68CA51D2B05D58A00F83F80;
			packageReferences = (
				B68CA53D2B05DA8900F83F80 /* XCRemoteSwiftPackageReference "supabase-swift" */,
				B68CA5582B05F02400F83F80 /* XCRemoteSwiftPackageReference "GoogleSignIn-iOS" */,
			);
			productRefGroup = B68CA5272B05D58A00F83F80 /* Products */;
			projectDirPath = "";
			projectRoot = "";
			targets = (
				B68CA5252B05D58A00F83F80 /* bartender-swift */,
			);
		};
/* End PBXProject section */

/* Begin PBXResourcesBuildPhase section */
		B68CA5242B05D58A00F83F80 /* Resources */ = {
			isa = PBXResourcesBuildPhase;
			buildActionMask = 2147483647;
			files = (
				B68CA5312B05D58B00F83F80 /* Preview Assets.xcassets in Resources */,
				B68CA52E2B05D58B00F83F80 /* Assets.xcassets in Resources */,
			);
			runOnlyForDeploymentPostprocessing = 0;
		};
/* End PBXResourcesBuildPhase section */

/* Begin PBXSourcesBuildPhase section */
		B68CA5222B05D58A00F83F80 /* Sources */ = {
			isa = PBXSourcesBuildPhase;
			buildActionMask = 2147483647;
			files = (
				B66061912B0D98A3002F8DF2 /* BuilderView.swift in Sources */,
				B68CA52C2B05D58A00F83F80 /* ContentView.swift in Sources */,
				B61B06752B3D61CA00E04E46 /* NetworkManagerHelper.swift in Sources */,
				B660618C2B0D9556002F8DF2 /* CellarView.swift in Sources */,
				B61B07322B40248300E04E46 /* BarNetworkManager.swift in Sources */,
				B61B07282B3E5E5600E04E46 /* CocktailDetailView.swift in Sources */,
				B68CA5552B05ED3600F83F80 /* SignInView.swift in Sources */,
				B66061992B13403C002F8DF2 /* CellarNetworkManager.swift in Sources */,
				B66061942B0DF822002F8DF2 /* Cellar.swift in Sources */,
				B61B067F2B3E50D800E04E46 /* LoadingStateViewModel.swift in Sources */,
				B6814B402B3821DE00B3194D /* CocktailNetworkManager.swift in Sources */,
				B660619B2B15EAF1002F8DF2 /* BottleDetailView.swift in Sources */,
				B68CA5572B05EEFE00F83F80 /* SignInGoogle.swift in Sources */,
				B61B072E2B3ED8B800E04E46 /* RecipeSectionView.swift in Sources */,
				B6B62A162B36BC010059E8C5 /* CocktailViewModel.swift in Sources */,
				B61B072C2B3ED87100E04E46 /* IngredientsView.swift in Sources */,
				B68CA5602B05F53900F83F80 /* HomeView.swift in Sources */,
				B61B07302B3FB59700E04E46 /* CustomColors.swift in Sources */,
				B68CA55E2B05F19200F83F80 /* RegistrationView.swift in Sources */,
				B6B62A142B2EBAFC0059E8C5 /* BottleType.swift in Sources */,
				B660618E2B0D97DE002F8DF2 /* CocktailMenuView.swift in Sources */,
				B66A2B042B3968A9000EFF6F /* AddMenuSheetView.swift in Sources */,
				B68CA5522B05E5F800F83F80 /* AuthManager.swift in Sources */,
				B61B067B2B3D654600E04E46 /* ImagePicker.swift in Sources */,
				B6B62A182B36C0680059E8C5 /* Cocktail.swift in Sources */,
				B66061962B0DFED9002F8DF2 /* CellarViewModel.swift in Sources */,
				B66A2B062B397DF6000EFF6F /* CocktailMenuDetailView.swift in Sources */,
				B6814B422B382A6300B3194D /* MenuNetworkManager.swift in Sources */,
				B68CA52A2B05D58A00F83F80 /* bartender_swiftApp.swift in Sources */,
				B6B62A122B2EB8BC0059E8C5 /* AddBottleView.swift in Sources */,
				B61B072A2B3EAD1300E04E46 /* IngredientType.swift in Sources */,
				B68CA54D2B05E53800F83F80 /* SignInApple.swift in Sources */,
				B68CA5362B05D58B00F83F80 /* bartender_swift.xcdatamodeld in Sources */,
				B61B067D2B3E490B00E04E46 /* ActivityIndicator.swift in Sources */,
				B68CA5502B05E56F00F83F80 /* SignInViewModel.swift in Sources */,
				B6DB39002B3961C6006F3221 /* MenuCardView.swift in Sources */,
			);
			runOnlyForDeploymentPostprocessing = 0;
		};
/* End PBXSourcesBuildPhase section */

/* Begin XCBuildConfiguration section */
		B68CA5382B05D58B00F83F80 /* Debug */ = {
			isa = XCBuildConfiguration;
			buildSettings = {
				ALWAYS_SEARCH_USER_PATHS = NO;
				CLANG_ANALYZER_NONNULL = YES;
				CLANG_ANALYZER_NUMBER_OBJECT_CONVERSION = YES_AGGRESSIVE;
				CLANG_CXX_LANGUAGE_STANDARD = "gnu++20";
				CLANG_ENABLE_MODULES = YES;
				CLANG_ENABLE_OBJC_ARC = YES;
				CLANG_ENABLE_OBJC_WEAK = YES;
				CLANG_WARN_BLOCK_CAPTURE_AUTORELEASING = YES;
				CLANG_WARN_BOOL_CONVERSION = YES;
				CLANG_WARN_COMMA = YES;
				CLANG_WARN_CONSTANT_CONVERSION = YES;
				CLANG_WARN_DEPRECATED_OBJC_IMPLEMENTATIONS = YES;
				CLANG_WARN_DIRECT_OBJC_ISA_USAGE = YES_ERROR;
				CLANG_WARN_DOCUMENTATION_COMMENTS = YES;
				CLANG_WARN_EMPTY_BODY = YES;
				CLANG_WARN_ENUM_CONVERSION = YES;
				CLANG_WARN_INFINITE_RECURSION = YES;
				CLANG_WARN_INT_CONVERSION = YES;
				CLANG_WARN_NON_LITERAL_NULL_CONVERSION = YES;
				CLANG_WARN_OBJC_IMPLICIT_RETAIN_SELF = YES;
				CLANG_WARN_OBJC_LITERAL_CONVERSION = YES;
				CLANG_WARN_OBJC_ROOT_CLASS = YES_ERROR;
				CLANG_WARN_QUOTED_INCLUDE_IN_FRAMEWORK_HEADER = YES;
				CLANG_WARN_RANGE_LOOP_ANALYSIS = YES;
				CLANG_WARN_STRICT_PROTOTYPES = YES;
				CLANG_WARN_SUSPICIOUS_MOVE = YES;
				CLANG_WARN_UNGUARDED_AVAILABILITY = YES_AGGRESSIVE;
				CLANG_WARN_UNREACHABLE_CODE = YES;
				CLANG_WARN__DUPLICATE_METHOD_MATCH = YES;
				COPY_PHASE_STRIP = NO;
				DEBUG_INFORMATION_FORMAT = dwarf;
				ENABLE_STRICT_OBJC_MSGSEND = YES;
				ENABLE_TESTABILITY = YES;
				GCC_C_LANGUAGE_STANDARD = gnu11;
				GCC_DYNAMIC_NO_PIC = NO;
				GCC_NO_COMMON_BLOCKS = YES;
				GCC_OPTIMIZATION_LEVEL = 0;
				GCC_PREPROCESSOR_DEFINITIONS = (
					"DEBUG=1",
					"$(inherited)",
				);
				GCC_WARN_64_TO_32_BIT_CONVERSION = YES;
				GCC_WARN_ABOUT_RETURN_TYPE = YES_ERROR;
				GCC_WARN_UNDECLARED_SELECTOR = YES;
				GCC_WARN_UNINITIALIZED_AUTOS = YES_AGGRESSIVE;
				GCC_WARN_UNUSED_FUNCTION = YES;
				GCC_WARN_UNUSED_VARIABLE = YES;
				IPHONEOS_DEPLOYMENT_TARGET = 16.0;
				MTL_ENABLE_DEBUG_INFO = INCLUDE_SOURCE;
				MTL_FAST_MATH = YES;
				ONLY_ACTIVE_ARCH = YES;
				SDKROOT = iphoneos;
				SWIFT_ACTIVE_COMPILATION_CONDITIONS = DEBUG;
				SWIFT_OPTIMIZATION_LEVEL = "-Onone";
			};
			name = Debug;
		};
		B68CA5392B05D58B00F83F80 /* Release */ = {
			isa = XCBuildConfiguration;
			buildSettings = {
				ALWAYS_SEARCH_USER_PATHS = NO;
				CLANG_ANALYZER_NONNULL = YES;
				CLANG_ANALYZER_NUMBER_OBJECT_CONVERSION = YES_AGGRESSIVE;
				CLANG_CXX_LANGUAGE_STANDARD = "gnu++20";
				CLANG_ENABLE_MODULES = YES;
				CLANG_ENABLE_OBJC_ARC = YES;
				CLANG_ENABLE_OBJC_WEAK = YES;
				CLANG_WARN_BLOCK_CAPTURE_AUTORELEASING = YES;
				CLANG_WARN_BOOL_CONVERSION = YES;
				CLANG_WARN_COMMA = YES;
				CLANG_WARN_CONSTANT_CONVERSION = YES;
				CLANG_WARN_DEPRECATED_OBJC_IMPLEMENTATIONS = YES;
				CLANG_WARN_DIRECT_OBJC_ISA_USAGE = YES_ERROR;
				CLANG_WARN_DOCUMENTATION_COMMENTS = YES;
				CLANG_WARN_EMPTY_BODY = YES;
				CLANG_WARN_ENUM_CONVERSION = YES;
				CLANG_WARN_INFINITE_RECURSION = YES;
				CLANG_WARN_INT_CONVERSION = YES;
				CLANG_WARN_NON_LITERAL_NULL_CONVERSION = YES;
				CLANG_WARN_OBJC_IMPLICIT_RETAIN_SELF = YES;
				CLANG_WARN_OBJC_LITERAL_CONVERSION = YES;
				CLANG_WARN_OBJC_ROOT_CLASS = YES_ERROR;
				CLANG_WARN_QUOTED_INCLUDE_IN_FRAMEWORK_HEADER = YES;
				CLANG_WARN_RANGE_LOOP_ANALYSIS = YES;
				CLANG_WARN_STRICT_PROTOTYPES = YES;
				CLANG_WARN_SUSPICIOUS_MOVE = YES;
				CLANG_WARN_UNGUARDED_AVAILABILITY = YES_AGGRESSIVE;
				CLANG_WARN_UNREACHABLE_CODE = YES;
				CLANG_WARN__DUPLICATE_METHOD_MATCH = YES;
				COPY_PHASE_STRIP = NO;
				DEBUG_INFORMATION_FORMAT = "dwarf-with-dsym";
				ENABLE_NS_ASSERTIONS = NO;
				ENABLE_STRICT_OBJC_MSGSEND = YES;
				GCC_C_LANGUAGE_STANDARD = gnu11;
				GCC_NO_COMMON_BLOCKS = YES;
				GCC_WARN_64_TO_32_BIT_CONVERSION = YES;
				GCC_WARN_ABOUT_RETURN_TYPE = YES_ERROR;
				GCC_WARN_UNDECLARED_SELECTOR = YES;
				GCC_WARN_UNINITIALIZED_AUTOS = YES_AGGRESSIVE;
				GCC_WARN_UNUSED_FUNCTION = YES;
				GCC_WARN_UNUSED_VARIABLE = YES;
				IPHONEOS_DEPLOYMENT_TARGET = 16.0;
				MTL_ENABLE_DEBUG_INFO = NO;
				MTL_FAST_MATH = YES;
				SDKROOT = iphoneos;
				SWIFT_COMPILATION_MODE = wholemodule;
				SWIFT_OPTIMIZATION_LEVEL = "-O";
				VALIDATE_PRODUCT = YES;
			};
			name = Release;
		};
		B68CA53B2B05D58B00F83F80 /* Debug */ = {
			isa = XCBuildConfiguration;
			buildSettings = {
				ASSETCATALOG_COMPILER_APPICON_NAME = AppIcon;
				ASSETCATALOG_COMPILER_GLOBAL_ACCENT_COLOR_NAME = AccentColor;
				CODE_SIGN_ENTITLEMENTS = "bartender-swift/bartender-swift.entitlements";
				CODE_SIGN_STYLE = Automatic;
				CURRENT_PROJECT_VERSION = 1;
				DEVELOPMENT_ASSET_PATHS = "\"bartender-swift/Preview Content\"";
				DEVELOPMENT_TEAM = 4FF97FVLA5;
				ENABLE_PREVIEWS = YES;
				GENERATE_INFOPLIST_FILE = YES;
				INFOPLIST_FILE = "bartender-swift/Info.plist";
				INFOPLIST_KEY_CFBundleDisplayName = Bartender;
				INFOPLIST_KEY_LSApplicationCategoryType = "public.app-category.food-and-drink";
				INFOPLIST_KEY_UIApplicationSceneManifest_Generation = YES;
				INFOPLIST_KEY_UIApplicationSupportsIndirectInputEvents = YES;
				INFOPLIST_KEY_UILaunchScreen_Generation = YES;
				INFOPLIST_KEY_UISupportedInterfaceOrientations_iPad = "UIInterfaceOrientationPortrait UIInterfaceOrientationPortraitUpsideDown UIInterfaceOrientationLandscapeLeft UIInterfaceOrientationLandscapeRight";
				INFOPLIST_KEY_UISupportedInterfaceOrientations_iPhone = "UIInterfaceOrientationPortrait UIInterfaceOrientationLandscapeLeft UIInterfaceOrientationLandscapeRight";
				LD_RUNPATH_SEARCH_PATHS = (
					"$(inherited)",
					"@executable_path/Frameworks",
				);
				MARKETING_VERSION = 0.1;
				PRODUCT_BUNDLE_IDENTIFIER = "xyz.anish.bartender-swift";
				PRODUCT_NAME = "$(TARGET_NAME)";
				SWIFT_EMIT_LOC_STRINGS = YES;
				SWIFT_VERSION = 5.0;
				TARGETED_DEVICE_FAMILY = "1,2";
			};
			name = Debug;
		};
		B68CA53C2B05D58B00F83F80 /* Release */ = {
			isa = XCBuildConfiguration;
			buildSettings = {
				ASSETCATALOG_COMPILER_APPICON_NAME = AppIcon;
				ASSETCATALOG_COMPILER_GLOBAL_ACCENT_COLOR_NAME = AccentColor;
				CODE_SIGN_ENTITLEMENTS = "bartender-swift/bartender-swift.entitlements";
				CODE_SIGN_STYLE = Automatic;
				CURRENT_PROJECT_VERSION = 1;
				DEVELOPMENT_ASSET_PATHS = "\"bartender-swift/Preview Content\"";
				DEVELOPMENT_TEAM = 4FF97FVLA5;
				ENABLE_PREVIEWS = YES;
				GENERATE_INFOPLIST_FILE = YES;
				INFOPLIST_FILE = "bartender-swift/Info.plist";
				INFOPLIST_KEY_CFBundleDisplayName = Bartender;
				INFOPLIST_KEY_LSApplicationCategoryType = "public.app-category.food-and-drink";
				INFOPLIST_KEY_UIApplicationSceneManifest_Generation = YES;
				INFOPLIST_KEY_UIApplicationSupportsIndirectInputEvents = YES;
				INFOPLIST_KEY_UILaunchScreen_Generation = YES;
				INFOPLIST_KEY_UISupportedInterfaceOrientations_iPad = "UIInterfaceOrientationPortrait UIInterfaceOrientationPortraitUpsideDown UIInterfaceOrientationLandscapeLeft UIInterfaceOrientationLandscapeRight";
				INFOPLIST_KEY_UISupportedInterfaceOrientations_iPhone = "UIInterfaceOrientationPortrait UIInterfaceOrientationLandscapeLeft UIInterfaceOrientationLandscapeRight";
				LD_RUNPATH_SEARCH_PATHS = (
					"$(inherited)",
					"@executable_path/Frameworks",
				);
				MARKETING_VERSION = 0.1;
				PRODUCT_BUNDLE_IDENTIFIER = "xyz.anish.bartender-swift";
				PRODUCT_NAME = "$(TARGET_NAME)";
				SWIFT_EMIT_LOC_STRINGS = YES;
				SWIFT_VERSION = 5.0;
				TARGETED_DEVICE_FAMILY = "1,2";
			};
			name = Release;
		};
/* End XCBuildConfiguration section */

/* Begin XCConfigurationList section */
		B68CA5212B05D58A00F83F80 /* Build configuration list for PBXProject "bartender-swift" */ = {
			isa = XCConfigurationList;
			buildConfigurations = (
				B68CA5382B05D58B00F83F80 /* Debug */,
				B68CA5392B05D58B00F83F80 /* Release */,
			);
			defaultConfigurationIsVisible = 0;
			defaultConfigurationName = Release;
		};
		B68CA53A2B05D58B00F83F80 /* Build configuration list for PBXNativeTarget "bartender-swift" */ = {
			isa = XCConfigurationList;
			buildConfigurations = (
				B68CA53B2B05D58B00F83F80 /* Debug */,
				B68CA53C2B05D58B00F83F80 /* Release */,
			);
			defaultConfigurationIsVisible = 0;
			defaultConfigurationName = Release;
		};
/* End XCConfigurationList section */

/* Begin XCRemoteSwiftPackageReference section */
		B68CA53D2B05DA8900F83F80 /* XCRemoteSwiftPackageReference "supabase-swift" */ = {
			isa = XCRemoteSwiftPackageReference;
			repositoryURL = "https://github.com/supabase-community/supabase-swift.git";
			requirement = {
				branch = main;
				kind = branch;
			};
		};
		B68CA5582B05F02400F83F80 /* XCRemoteSwiftPackageReference "GoogleSignIn-iOS" */ = {
			isa = XCRemoteSwiftPackageReference;
			repositoryURL = "https://github.com/google/GoogleSignIn-iOS";
			requirement = {
				kind = upToNextMajorVersion;
				minimumVersion = 7.0.0;
			};
		};
/* End XCRemoteSwiftPackageReference section */

/* Begin XCSwiftPackageProductDependency section */
		B68CA53E2B05DA8900F83F80 /* Functions */ = {
			isa = XCSwiftPackageProductDependency;
			package = B68CA53D2B05DA8900F83F80 /* XCRemoteSwiftPackageReference "supabase-swift" */;
			productName = Functions;
		};
		B68CA5402B05DA8900F83F80 /* GoTrue */ = {
			isa = XCSwiftPackageProductDependency;
			package = B68CA53D2B05DA8900F83F80 /* XCRemoteSwiftPackageReference "supabase-swift" */;
			productName = GoTrue;
		};
		B68CA5422B05DA8900F83F80 /* PostgREST */ = {
			isa = XCSwiftPackageProductDependency;
			package = B68CA53D2B05DA8900F83F80 /* XCRemoteSwiftPackageReference "supabase-swift" */;
			productName = PostgREST;
		};
		B68CA5442B05DA8900F83F80 /* Realtime */ = {
			isa = XCSwiftPackageProductDependency;
			package = B68CA53D2B05DA8900F83F80 /* XCRemoteSwiftPackageReference "supabase-swift" */;
			productName = Realtime;
		};
		B68CA5462B05DA8900F83F80 /* Storage */ = {
			isa = XCSwiftPackageProductDependency;
			package = B68CA53D2B05DA8900F83F80 /* XCRemoteSwiftPackageReference "supabase-swift" */;
			productName = Storage;
		};
		B68CA5482B05DA8900F83F80 /* Supabase */ = {
			isa = XCSwiftPackageProductDependency;
			package = B68CA53D2B05DA8900F83F80 /* XCRemoteSwiftPackageReference "supabase-swift" */;
			productName = Supabase;
		};
		B68CA5592B05F02400F83F80 /* GoogleSignIn */ = {
			isa = XCSwiftPackageProductDependency;
			package = B68CA5582B05F02400F83F80 /* XCRemoteSwiftPackageReference "GoogleSignIn-iOS" */;
			productName = GoogleSignIn;
		};
		B68CA55B2B05F02400F83F80 /* GoogleSignInSwift */ = {
			isa = XCSwiftPackageProductDependency;
			package = B68CA5582B05F02400F83F80 /* XCRemoteSwiftPackageReference "GoogleSignIn-iOS" */;
			productName = GoogleSignInSwift;
		};
/* End XCSwiftPackageProductDependency section */

/* Begin XCVersionGroup section */
		B68CA5342B05D58B00F83F80 /* bartender_swift.xcdatamodeld */ = {
			isa = XCVersionGroup;
			children = (
				B68CA5352B05D58B00F83F80 /* bartender_swift.xcdatamodel */,
			);
			currentVersion = B68CA5352B05D58B00F83F80 /* bartender_swift.xcdatamodel */;
			path = bartender_swift.xcdatamodeld;
			sourceTree = "<group>";
			versionGroupType = wrapper.xcdatamodel;
		};
/* End XCVersionGroup section */
	};
	rootObject = B68CA51E2B05D58A00F83F80 /* Project object */;
}
