// !$*UTF8*$!
{
	archiveVersion = 1;
	classes = {
	};
	objectVersion = 56;
	objects = {

/* Begin PBXBuildFile section */
		B66FC1792BDF3833008D7322 /* ImageToMenu.swift in Sources */ = {isa = PBXBuildFile; fileRef = B66FC1782BDF3833008D7322 /* ImageToMenu.swift */; };
		B66FC17B2BEC9CEB008D7322 /* CreateMenuFromImageView.swift in Sources */ = {isa = PBXBuildFile; fileRef = B66FC17A2BEC9CEB008D7322 /* CreateMenuFromImageView.swift */; };
		B66FC17E2BF30728008D7322 /* DBCommand.swift in Sources */ = {isa = PBXBuildFile; fileRef = B66FC17D2BF30728008D7322 /* DBCommand.swift */; };
		B66FC1802BF31F8A008D7322 /* ImagePickerButtons.swift in Sources */ = {isa = PBXBuildFile; fileRef = B66FC17F2BF31F8A008D7322 /* ImagePickerButtons.swift */; };
		B6B2506A2BAD371400A3098D /* CellarTabView.swift in Sources */ = {isa = PBXBuildFile; fileRef = B6B250692BAD371400A3098D /* CellarTabView.swift */; };
		B6B2506E2BAD384E00A3098D /* CocktailsTabView.swift in Sources */ = {isa = PBXBuildFile; fileRef = B6B2506D2BAD384E00A3098D /* CocktailsTabView.swift */; };
		B6B250752BAD3BEE00A3098D /* BottleType.swift in Sources */ = {isa = PBXBuildFile; fileRef = B6B250742BAD3BEE00A3098D /* BottleType.swift */; };
		B6B250772BAD3C5300A3098D /* BottleModel.swift in Sources */ = {isa = PBXBuildFile; fileRef = B6B250762BAD3C5300A3098D /* BottleModel.swift */; };
		B6B2507B2BAFFFE500A3098D /* BarModel.swift in Sources */ = {isa = PBXBuildFile; fileRef = B6B2507A2BAFFFE500A3098D /* BarModel.swift */; };
		B6B2507D2BB0017F00A3098D /* PreviewContainer.swift in Sources */ = {isa = PBXBuildFile; fileRef = B6B2507C2BB0017F00A3098D /* PreviewContainer.swift */; };
		B6B2507F2BB0101B00A3098D /* BottleItemView.swift in Sources */ = {isa = PBXBuildFile; fileRef = B6B2507E2BB0101B00A3098D /* BottleItemView.swift */; };
		B6B250812BB11EC600A3098D /* AddBottleView.swift in Sources */ = {isa = PBXBuildFile; fileRef = B6B250802BB11EC600A3098D /* AddBottleView.swift */; };
		B6B250842BB12EAA00A3098D /* VersionedSchemas.swift in Sources */ = {isa = PBXBuildFile; fileRef = B6B250832BB12EAA00A3098D /* VersionedSchemas.swift */; };
		B6B250882BB27D3B00A3098D /* OpenAINetworkManager.swift in Sources */ = {isa = PBXBuildFile; fileRef = B6B250872BB27D3B00A3098D /* OpenAINetworkManager.swift */; };
		B6B2508A2BB2824800A3098D /* ImageToCellar.swift in Sources */ = {isa = PBXBuildFile; fileRef = B6B250892BB2824800A3098D /* ImageToCellar.swift */; };
		B6B2508C2BB2832D00A3098D /* NetworkHelpers.swift in Sources */ = {isa = PBXBuildFile; fileRef = B6B2508B2BB2832D00A3098D /* NetworkHelpers.swift */; };
		B6B2508F2BB285E700A3098D /* ImagePicker.swift in Sources */ = {isa = PBXBuildFile; fileRef = B6B2508E2BB285E700A3098D /* ImagePicker.swift */; };
		B6B250912BB286AE00A3098D /* GetBottlesFromImageView.swift in Sources */ = {isa = PBXBuildFile; fileRef = B6B250902BB286AE00A3098D /* GetBottlesFromImageView.swift */; };
		B6B250992BB2A26800A3098D /* .gitignore in Resources */ = {isa = PBXBuildFile; fileRef = B6B250982BB2A26800A3098D /* .gitignore */; };
		B6B2509B2BB3B41100A3098D /* AddBottlesView.swift in Sources */ = {isa = PBXBuildFile; fileRef = B6B2509A2BB3B41100A3098D /* AddBottlesView.swift */; };
		B6B2509D2BB3BFA000A3098D /* BottleUploadViewHandler.swift in Sources */ = {isa = PBXBuildFile; fileRef = B6B2509C2BB3BFA000A3098D /* BottleUploadViewHandler.swift */; };
		B6B2509F2BB3C81100A3098D /* EditBottleView.swift in Sources */ = {isa = PBXBuildFile; fileRef = B6B2509E2BB3C81100A3098D /* EditBottleView.swift */; };
		B6B250A12BB3DB4A00A3098D /* BottleTypePicker.swift in Sources */ = {isa = PBXBuildFile; fileRef = B6B250A02BB3DB4A00A3098D /* BottleTypePicker.swift */; };
		B6B250A52BBA966100A3098D /* AddBarView.swift in Sources */ = {isa = PBXBuildFile; fileRef = B6B250A42BBA966100A3098D /* AddBarView.swift */; };
		B6B520932BC10CBC0099C015 /* BarPicker.swift in Sources */ = {isa = PBXBuildFile; fileRef = B6B520922BC10CBC0099C015 /* BarPicker.swift */; };
		B6B520962BC1167E0099C015 /* BartenderView.swift in Sources */ = {isa = PBXBuildFile; fileRef = B6B520952BC1167E0099C015 /* BartenderView.swift */; };
		B6B520982BC234CC0099C015 /* BottleToolbarSection.swift in Sources */ = {isa = PBXBuildFile; fileRef = B6B520972BC234CC0099C015 /* BottleToolbarSection.swift */; };
		B6B5209B2BC236A30099C015 /* BarToolbarSection.swift in Sources */ = {isa = PBXBuildFile; fileRef = B6B5209A2BC236A30099C015 /* BarToolbarSection.swift */; };
		B6B5209E2BC23E330099C015 /* EditBarsView.swift in Sources */ = {isa = PBXBuildFile; fileRef = B6B5209D2BC23E330099C015 /* EditBarsView.swift */; };
		B6B520A02BC292030099C015 /* CellarEditToolbarButton.swift in Sources */ = {isa = PBXBuildFile; fileRef = B6B5209F2BC292030099C015 /* CellarEditToolbarButton.swift */; };
		B6B520A22BC366240099C015 /* CocktailRecipeModel.swift in Sources */ = {isa = PBXBuildFile; fileRef = B6B520A12BC366240099C015 /* CocktailRecipeModel.swift */; };
		B6B520A42BC369A80099C015 /* IngredientType.swift in Sources */ = {isa = PBXBuildFile; fileRef = B6B520A32BC369A80099C015 /* IngredientType.swift */; };
		B6B520A62BC371C50099C015 /* CocktailMenuModel.swift in Sources */ = {isa = PBXBuildFile; fileRef = B6B520A52BC371C50099C015 /* CocktailMenuModel.swift */; };
		B6B520A82BC3C8600099C015 /* IngredientUnitType.swift in Sources */ = {isa = PBXBuildFile; fileRef = B6B520A72BC3C8600099C015 /* IngredientUnitType.swift */; };
		B6B520AA2BC8F9EC0099C015 /* SampleRecipes.swift in Sources */ = {isa = PBXBuildFile; fileRef = B6B520A92BC8F9EC0099C015 /* SampleRecipes.swift */; };
		B6B520AC2BC908C70099C015 /* MenuItemView.swift in Sources */ = {isa = PBXBuildFile; fileRef = B6B520AB2BC908C70099C015 /* MenuItemView.swift */; };
		B6B520AE2BCB9E4A0099C015 /* MenuDetailView.swift in Sources */ = {isa = PBXBuildFile; fileRef = B6B520AD2BCB9E4A0099C015 /* MenuDetailView.swift */; };
		B6B520B02BCB9E660099C015 /* RecipeDetailView.swift in Sources */ = {isa = PBXBuildFile; fileRef = B6B520AF2BCB9E660099C015 /* RecipeDetailView.swift */; };
		B6B520B22BCCEC480099C015 /* IngredientsView.swift in Sources */ = {isa = PBXBuildFile; fileRef = B6B520B12BCCEC480099C015 /* IngredientsView.swift */; };
		B6B520B92BCE1B040099C015 /* CreateMenuView.swift in Sources */ = {isa = PBXBuildFile; fileRef = B6B520B82BCE1B040099C015 /* CreateMenuView.swift */; };
		B6B520BB2BD0CE830099C015 /* EditCocktailRecipeView.swift in Sources */ = {isa = PBXBuildFile; fileRef = B6B520BA2BD0CE830099C015 /* EditCocktailRecipeView.swift */; };
		B6B520BD2BD22E020099C015 /* RecipeStepsView.swift in Sources */ = {isa = PBXBuildFile; fileRef = B6B520BC2BD22E020099C015 /* RecipeStepsView.swift */; };
		B6D1A4EB2BAD2C530059942D /* bartenderApp.swift in Sources */ = {isa = PBXBuildFile; fileRef = B6D1A4EA2BAD2C530059942D /* bartenderApp.swift */; };
		B6D1A4ED2BAD2C530059942D /* ContentView.swift in Sources */ = {isa = PBXBuildFile; fileRef = B6D1A4EC2BAD2C530059942D /* ContentView.swift */; };
		B6D1A4EF2BAD2C530059942D /* Item.swift in Sources */ = {isa = PBXBuildFile; fileRef = B6D1A4EE2BAD2C530059942D /* Item.swift */; };
		B6D1A4F12BAD2C540059942D /* Assets.xcassets in Resources */ = {isa = PBXBuildFile; fileRef = B6D1A4F02BAD2C540059942D /* Assets.xcassets */; };
		B6D1A4F42BAD2C540059942D /* Preview Assets.xcassets in Resources */ = {isa = PBXBuildFile; fileRef = B6D1A4F32BAD2C540059942D /* Preview Assets.xcassets */; };
		B6EEAEDD2BD239F8001B8EA3 /* CreateCocktailRecipeView.swift in Sources */ = {isa = PBXBuildFile; fileRef = B6EEAEDC2BD239F8001B8EA3 /* CreateCocktailRecipeView.swift */; };
		B6EEAEDF2BD23D6E001B8EA3 /* IngredientTypePicker.swift in Sources */ = {isa = PBXBuildFile; fileRef = B6EEAEDE2BD23D6E001B8EA3 /* IngredientTypePicker.swift */; };
		B6EEAEE12BD376CD001B8EA3 /* IngredientUnitTypePicker.swift in Sources */ = {isa = PBXBuildFile; fileRef = B6EEAEE02BD376CD001B8EA3 /* IngredientUnitTypePicker.swift */; };
/* End PBXBuildFile section */

/* Begin PBXFileReference section */
		B66FC1782BDF3833008D7322 /* ImageToMenu.swift */ = {isa = PBXFileReference; lastKnownFileType = sourcecode.swift; path = ImageToMenu.swift; sourceTree = "<group>"; };
		B66FC17A2BEC9CEB008D7322 /* CreateMenuFromImageView.swift */ = {isa = PBXFileReference; lastKnownFileType = sourcecode.swift; path = CreateMenuFromImageView.swift; sourceTree = "<group>"; };
		B66FC17D2BF30728008D7322 /* DBCommand.swift */ = {isa = PBXFileReference; lastKnownFileType = sourcecode.swift; path = DBCommand.swift; sourceTree = "<group>"; };
		B66FC17F2BF31F8A008D7322 /* ImagePickerButtons.swift */ = {isa = PBXFileReference; lastKnownFileType = sourcecode.swift; path = ImagePickerButtons.swift; sourceTree = "<group>"; };
		B6B250692BAD371400A3098D /* CellarTabView.swift */ = {isa = PBXFileReference; lastKnownFileType = sourcecode.swift; path = CellarTabView.swift; sourceTree = "<group>"; };
		B6B2506D2BAD384E00A3098D /* CocktailsTabView.swift */ = {isa = PBXFileReference; lastKnownFileType = sourcecode.swift; path = CocktailsTabView.swift; sourceTree = "<group>"; };
		B6B250742BAD3BEE00A3098D /* BottleType.swift */ = {isa = PBXFileReference; lastKnownFileType = sourcecode.swift; path = BottleType.swift; sourceTree = "<group>"; };
		B6B250762BAD3C5300A3098D /* BottleModel.swift */ = {isa = PBXFileReference; lastKnownFileType = sourcecode.swift; path = BottleModel.swift; sourceTree = "<group>"; };
		B6B2507A2BAFFFE500A3098D /* BarModel.swift */ = {isa = PBXFileReference; lastKnownFileType = sourcecode.swift; path = BarModel.swift; sourceTree = "<group>"; };
		B6B2507C2BB0017F00A3098D /* PreviewContainer.swift */ = {isa = PBXFileReference; lastKnownFileType = sourcecode.swift; path = PreviewContainer.swift; sourceTree = "<group>"; };
		B6B2507E2BB0101B00A3098D /* BottleItemView.swift */ = {isa = PBXFileReference; lastKnownFileType = sourcecode.swift; path = BottleItemView.swift; sourceTree = "<group>"; };
		B6B250802BB11EC600A3098D /* AddBottleView.swift */ = {isa = PBXFileReference; lastKnownFileType = sourcecode.swift; path = AddBottleView.swift; sourceTree = "<group>"; };
		B6B250832BB12EAA00A3098D /* VersionedSchemas.swift */ = {isa = PBXFileReference; lastKnownFileType = sourcecode.swift; path = VersionedSchemas.swift; sourceTree = "<group>"; };
		B6B250872BB27D3B00A3098D /* OpenAINetworkManager.swift */ = {isa = PBXFileReference; lastKnownFileType = sourcecode.swift; path = OpenAINetworkManager.swift; sourceTree = "<group>"; };
		B6B250892BB2824800A3098D /* ImageToCellar.swift */ = {isa = PBXFileReference; lastKnownFileType = sourcecode.swift; path = ImageToCellar.swift; sourceTree = "<group>"; };
		B6B2508B2BB2832D00A3098D /* NetworkHelpers.swift */ = {isa = PBXFileReference; lastKnownFileType = sourcecode.swift; path = NetworkHelpers.swift; sourceTree = "<group>"; };
		B6B2508E2BB285E700A3098D /* ImagePicker.swift */ = {isa = PBXFileReference; lastKnownFileType = sourcecode.swift; path = ImagePicker.swift; sourceTree = "<group>"; };
		B6B250902BB286AE00A3098D /* GetBottlesFromImageView.swift */ = {isa = PBXFileReference; lastKnownFileType = sourcecode.swift; path = GetBottlesFromImageView.swift; sourceTree = "<group>"; };
		B6B250922BB287C600A3098D /* Info.plist */ = {isa = PBXFileReference; lastKnownFileType = text.plist; path = Info.plist; sourceTree = "<group>"; };
		B6B250972BB2A23C00A3098D /* dev.xcconfig */ = {isa = PBXFileReference; lastKnownFileType = text.xcconfig; path = dev.xcconfig; sourceTree = "<group>"; };
		B6B250982BB2A26800A3098D /* .gitignore */ = {isa = PBXFileReference; lastKnownFileType = text; path = .gitignore; sourceTree = "<group>"; };
		B6B2509A2BB3B41100A3098D /* AddBottlesView.swift */ = {isa = PBXFileReference; lastKnownFileType = sourcecode.swift; path = AddBottlesView.swift; sourceTree = "<group>"; };
		B6B2509C2BB3BFA000A3098D /* BottleUploadViewHandler.swift */ = {isa = PBXFileReference; lastKnownFileType = sourcecode.swift; path = BottleUploadViewHandler.swift; sourceTree = "<group>"; };
		B6B2509E2BB3C81100A3098D /* EditBottleView.swift */ = {isa = PBXFileReference; lastKnownFileType = sourcecode.swift; path = EditBottleView.swift; sourceTree = "<group>"; };
		B6B250A02BB3DB4A00A3098D /* BottleTypePicker.swift */ = {isa = PBXFileReference; lastKnownFileType = sourcecode.swift; path = BottleTypePicker.swift; sourceTree = "<group>"; };
		B6B250A42BBA966100A3098D /* AddBarView.swift */ = {isa = PBXFileReference; lastKnownFileType = sourcecode.swift; path = AddBarView.swift; sourceTree = "<group>"; };
		B6B520922BC10CBC0099C015 /* BarPicker.swift */ = {isa = PBXFileReference; lastKnownFileType = sourcecode.swift; path = BarPicker.swift; sourceTree = "<group>"; };
		B6B520952BC1167E0099C015 /* BartenderView.swift */ = {isa = PBXFileReference; lastKnownFileType = sourcecode.swift; path = BartenderView.swift; sourceTree = "<group>"; };
		B6B520972BC234CC0099C015 /* BottleToolbarSection.swift */ = {isa = PBXFileReference; lastKnownFileType = sourcecode.swift; path = BottleToolbarSection.swift; sourceTree = "<group>"; };
		B6B5209A2BC236A30099C015 /* BarToolbarSection.swift */ = {isa = PBXFileReference; lastKnownFileType = sourcecode.swift; path = BarToolbarSection.swift; sourceTree = "<group>"; };
		B6B5209D2BC23E330099C015 /* EditBarsView.swift */ = {isa = PBXFileReference; lastKnownFileType = sourcecode.swift; path = EditBarsView.swift; sourceTree = "<group>"; };
		B6B5209F2BC292030099C015 /* CellarEditToolbarButton.swift */ = {isa = PBXFileReference; lastKnownFileType = sourcecode.swift; path = CellarEditToolbarButton.swift; sourceTree = "<group>"; };
		B6B520A12BC366240099C015 /* CocktailRecipeModel.swift */ = {isa = PBXFileReference; lastKnownFileType = sourcecode.swift; path = CocktailRecipeModel.swift; sourceTree = "<group>"; };
		B6B520A32BC369A80099C015 /* IngredientType.swift */ = {isa = PBXFileReference; lastKnownFileType = sourcecode.swift; path = IngredientType.swift; sourceTree = "<group>"; };
		B6B520A52BC371C50099C015 /* CocktailMenuModel.swift */ = {isa = PBXFileReference; lastKnownFileType = sourcecode.swift; path = CocktailMenuModel.swift; sourceTree = "<group>"; };
		B6B520A72BC3C8600099C015 /* IngredientUnitType.swift */ = {isa = PBXFileReference; lastKnownFileType = sourcecode.swift; path = IngredientUnitType.swift; sourceTree = "<group>"; };
		B6B520A92BC8F9EC0099C015 /* SampleRecipes.swift */ = {isa = PBXFileReference; lastKnownFileType = sourcecode.swift; path = SampleRecipes.swift; sourceTree = "<group>"; };
		B6B520AB2BC908C70099C015 /* MenuItemView.swift */ = {isa = PBXFileReference; lastKnownFileType = sourcecode.swift; path = MenuItemView.swift; sourceTree = "<group>"; };
		B6B520AD2BCB9E4A0099C015 /* MenuDetailView.swift */ = {isa = PBXFileReference; lastKnownFileType = sourcecode.swift; path = MenuDetailView.swift; sourceTree = "<group>"; };
		B6B520AF2BCB9E660099C015 /* RecipeDetailView.swift */ = {isa = PBXFileReference; lastKnownFileType = sourcecode.swift; path = RecipeDetailView.swift; sourceTree = "<group>"; };
		B6B520B12BCCEC480099C015 /* IngredientsView.swift */ = {isa = PBXFileReference; lastKnownFileType = sourcecode.swift; path = IngredientsView.swift; sourceTree = "<group>"; };
		B6B520B82BCE1B040099C015 /* CreateMenuView.swift */ = {isa = PBXFileReference; lastKnownFileType = sourcecode.swift; path = CreateMenuView.swift; sourceTree = "<group>"; };
		B6B520BA2BD0CE830099C015 /* EditCocktailRecipeView.swift */ = {isa = PBXFileReference; lastKnownFileType = sourcecode.swift; path = EditCocktailRecipeView.swift; sourceTree = "<group>"; };
		B6B520BC2BD22E020099C015 /* RecipeStepsView.swift */ = {isa = PBXFileReference; lastKnownFileType = sourcecode.swift; path = RecipeStepsView.swift; sourceTree = "<group>"; };
		B6D1A4E72BAD2C530059942D /* bartender.app */ = {isa = PBXFileReference; explicitFileType = wrapper.application; includeInIndex = 0; path = bartender.app; sourceTree = BUILT_PRODUCTS_DIR; };
		B6D1A4EA2BAD2C530059942D /* bartenderApp.swift */ = {isa = PBXFileReference; lastKnownFileType = sourcecode.swift; path = bartenderApp.swift; sourceTree = "<group>"; };
		B6D1A4EC2BAD2C530059942D /* ContentView.swift */ = {isa = PBXFileReference; lastKnownFileType = sourcecode.swift; path = ContentView.swift; sourceTree = "<group>"; };
		B6D1A4EE2BAD2C530059942D /* Item.swift */ = {isa = PBXFileReference; lastKnownFileType = sourcecode.swift; path = Item.swift; sourceTree = "<group>"; };
		B6D1A4F02BAD2C540059942D /* Assets.xcassets */ = {isa = PBXFileReference; lastKnownFileType = folder.assetcatalog; path = Assets.xcassets; sourceTree = "<group>"; };
		B6D1A4F32BAD2C540059942D /* Preview Assets.xcassets */ = {isa = PBXFileReference; lastKnownFileType = folder.assetcatalog; path = "Preview Assets.xcassets"; sourceTree = "<group>"; };
		B6EEAEDC2BD239F8001B8EA3 /* CreateCocktailRecipeView.swift */ = {isa = PBXFileReference; lastKnownFileType = sourcecode.swift; path = CreateCocktailRecipeView.swift; sourceTree = "<group>"; };
		B6EEAEDE2BD23D6E001B8EA3 /* IngredientTypePicker.swift */ = {isa = PBXFileReference; lastKnownFileType = sourcecode.swift; path = IngredientTypePicker.swift; sourceTree = "<group>"; };
		B6EEAEE02BD376CD001B8EA3 /* IngredientUnitTypePicker.swift */ = {isa = PBXFileReference; lastKnownFileType = sourcecode.swift; path = IngredientUnitTypePicker.swift; sourceTree = "<group>"; };
/* End PBXFileReference section */

/* Begin PBXFrameworksBuildPhase section */
		B6D1A4E42BAD2C530059942D /* Frameworks */ = {
			isa = PBXFrameworksBuildPhase;
			buildActionMask = 2147483647;
			files = (
			);
			runOnlyForDeploymentPostprocessing = 0;
		};
/* End PBXFrameworksBuildPhase section */

/* Begin PBXGroup section */
		B66FC17C2BF306FF008D7322 /* Dev */ = {
			isa = PBXGroup;
			children = (
				B66FC17D2BF30728008D7322 /* DBCommand.swift */,
			);
			path = Dev;
			sourceTree = "<group>";
		};
		B66FC1822BF321C2008D7322 /* CellarBottleViews */ = {
			isa = PBXGroup;
			children = (
				B6B2507E2BB0101B00A3098D /* BottleItemView.swift */,
				B6B250802BB11EC600A3098D /* AddBottleView.swift */,
				B6B250902BB286AE00A3098D /* GetBottlesFromImageView.swift */,
				B6B2509A2BB3B41100A3098D /* AddBottlesView.swift */,
				B6B2509E2BB3C81100A3098D /* EditBottleView.swift */,
				B6B2509C2BB3BFA000A3098D /* BottleUploadViewHandler.swift */,
			);
			path = CellarBottleViews;
			sourceTree = "<group>";
		};
		B66FC1852BF32203008D7322 /* CellarBarViews */ = {
			isa = PBXGroup;
			children = (
				B6B250A42BBA966100A3098D /* AddBarView.swift */,
				B6B5209D2BC23E330099C015 /* EditBarsView.swift */,
			);
			path = CellarBarViews;
			sourceTree = "<group>";
		};
		B66FC1862BF353C1008D7322 /* RecipeViews */ = {
			isa = PBXGroup;
			children = (
				B6EEAEDC2BD239F8001B8EA3 /* CreateCocktailRecipeView.swift */,
				B6B520BA2BD0CE830099C015 /* EditCocktailRecipeView.swift */,
				B6B520AF2BCB9E660099C015 /* RecipeDetailView.swift */,
			);
			path = RecipeViews;
			sourceTree = "<group>";
		};
		B66FC1872BF353E4008D7322 /* MenuViews */ = {
			isa = PBXGroup;
			children = (
				B6B520B82BCE1B040099C015 /* CreateMenuView.swift */,
				B6B520AB2BC908C70099C015 /* MenuItemView.swift */,
				B6B520AD2BCB9E4A0099C015 /* MenuDetailView.swift */,
			);
			path = MenuViews;
			sourceTree = "<group>";
		};
		B6B250682BAD370000A3098D /* Cellar */ = {
			isa = PBXGroup;
			children = (
				B66FC1852BF32203008D7322 /* CellarBarViews */,
				B66FC1822BF321C2008D7322 /* CellarBottleViews */,
				B6B520992BC236690099C015 /* CellarCreateToolbarSections */,
				B6B250692BAD371400A3098D /* CellarTabView.swift */,
			);
			path = Cellar;
			sourceTree = "<group>";
		};
		B6B2506C2BAD382200A3098D /* Cocktails */ = {
			isa = PBXGroup;
			children = (
				B66FC1872BF353E4008D7322 /* MenuViews */,
				B66FC1862BF353C1008D7322 /* RecipeViews */,
				B6B2506D2BAD384E00A3098D /* CocktailsTabView.swift */,
				B6B520B12BCCEC480099C015 /* IngredientsView.swift */,
				B6B520BC2BD22E020099C015 /* RecipeStepsView.swift */,
				B66FC17A2BEC9CEB008D7322 /* CreateMenuFromImageView.swift */,
			);
			path = Cocktails;
			sourceTree = "<group>";
		};
		B6B250732BAD3BD200A3098D /* Models */ = {
			isa = PBXGroup;
			children = (
				B66FC17C2BF306FF008D7322 /* Dev */,
				B6B520B52BCCF25F0099C015 /* Migrations */,
				B6B520B42BCCF24B0099C015 /* SampleData */,
				B6B520B32BCCF2240099C015 /* Enums */,
				B6B250762BAD3C5300A3098D /* BottleModel.swift */,
				B6B2507A2BAFFFE500A3098D /* BarModel.swift */,
				B6B520A12BC366240099C015 /* CocktailRecipeModel.swift */,
				B6B520A52BC371C50099C015 /* CocktailMenuModel.swift */,
			);
			path = Models;
			sourceTree = "<group>";
		};
		B6B250852BB279A700A3098D /* Network */ = {
			isa = PBXGroup;
			children = (
				B6B250872BB27D3B00A3098D /* OpenAINetworkManager.swift */,
				B6B2508B2BB2832D00A3098D /* NetworkHelpers.swift */,
			);
			path = Network;
			sourceTree = "<group>";
		};
		B6B250862BB27B9E00A3098D /* LLM_Pipelines */ = {
			isa = PBXGroup;
			children = (
				B6B250892BB2824800A3098D /* ImageToCellar.swift */,
				B66FC1782BDF3833008D7322 /* ImageToMenu.swift */,
			);
			path = LLM_Pipelines;
			sourceTree = "<group>";
		};
		B6B2508D2BB285D800A3098D /* Auxiliary */ = {
			isa = PBXGroup;
			children = (
				B6B2508E2BB285E700A3098D /* ImagePicker.swift */,
				B6B250A02BB3DB4A00A3098D /* BottleTypePicker.swift */,
				B6EEAEE02BD376CD001B8EA3 /* IngredientUnitTypePicker.swift */,
				B6EEAEDE2BD23D6E001B8EA3 /* IngredientTypePicker.swift */,
				B6B520922BC10CBC0099C015 /* BarPicker.swift */,
				B66FC17F2BF31F8A008D7322 /* ImagePickerButtons.swift */,
			);
			path = Auxiliary;
			sourceTree = "<group>";
		};
		B6B520942BC116720099C015 /* Bartender */ = {
			isa = PBXGroup;
			children = (
				B6B520952BC1167E0099C015 /* BartenderView.swift */,
			);
			path = Bartender;
			sourceTree = "<group>";
		};
		B6B520992BC236690099C015 /* CellarCreateToolbarSections */ = {
			isa = PBXGroup;
			children = (
				B6B520972BC234CC0099C015 /* BottleToolbarSection.swift */,
				B6B5209A2BC236A30099C015 /* BarToolbarSection.swift */,
				B6B5209F2BC292030099C015 /* CellarEditToolbarButton.swift */,
			);
			path = CellarCreateToolbarSections;
			sourceTree = "<group>";
		};
		B6B520B32BCCF2240099C015 /* Enums */ = {
			isa = PBXGroup;
			children = (
				B6B520A72BC3C8600099C015 /* IngredientUnitType.swift */,
				B6B520A32BC369A80099C015 /* IngredientType.swift */,
				B6B250742BAD3BEE00A3098D /* BottleType.swift */,
			);
			path = Enums;
			sourceTree = "<group>";
		};
		B6B520B42BCCF24B0099C015 /* SampleData */ = {
			isa = PBXGroup;
			children = (
				B6B520A92BC8F9EC0099C015 /* SampleRecipes.swift */,
				B6B2507C2BB0017F00A3098D /* PreviewContainer.swift */,
			);
			path = SampleData;
			sourceTree = "<group>";
		};
		B6B520B52BCCF25F0099C015 /* Migrations */ = {
			isa = PBXGroup;
			children = (
				B6B250832BB12EAA00A3098D /* VersionedSchemas.swift */,
			);
			path = Migrations;
			sourceTree = "<group>";
		};
		B6D1A4DE2BAD2C530059942D = {
			isa = PBXGroup;
			children = (
				B6D1A4E92BAD2C530059942D /* bartender */,
				B6D1A4E82BAD2C530059942D /* Products */,
			);
			sourceTree = "<group>";
		};
		B6D1A4E82BAD2C530059942D /* Products */ = {
			isa = PBXGroup;
			children = (
				B6D1A4E72BAD2C530059942D /* bartender.app */,
			);
			name = Products;
			sourceTree = "<group>";
		};
		B6D1A4E92BAD2C530059942D /* bartender */ = {
			isa = PBXGroup;
			children = (
				B6B250862BB27B9E00A3098D /* LLM_Pipelines */,
				B6B520942BC116720099C015 /* Bartender */,
				B6B250922BB287C600A3098D /* Info.plist */,
				B6B2508D2BB285D800A3098D /* Auxiliary */,
				B6B250852BB279A700A3098D /* Network */,
				B6B250732BAD3BD200A3098D /* Models */,
				B6B2506C2BAD382200A3098D /* Cocktails */,
				B6B250682BAD370000A3098D /* Cellar */,
				B6D1A4EA2BAD2C530059942D /* bartenderApp.swift */,
				B6D1A4EC2BAD2C530059942D /* ContentView.swift */,
				B6D1A4EE2BAD2C530059942D /* Item.swift */,
				B6D1A4F02BAD2C540059942D /* Assets.xcassets */,
				B6D1A4F22BAD2C540059942D /* Preview Content */,
				B6B250972BB2A23C00A3098D /* dev.xcconfig */,
				B6B250982BB2A26800A3098D /* .gitignore */,
			);
			path = bartender;
			sourceTree = "<group>";
		};
		B6D1A4F22BAD2C540059942D /* Preview Content */ = {
			isa = PBXGroup;
			children = (
				B6D1A4F32BAD2C540059942D /* Preview Assets.xcassets */,
			);
			path = "Preview Content";
			sourceTree = "<group>";
		};
/* End PBXGroup section */

/* Begin PBXNativeTarget section */
		B6D1A4E62BAD2C530059942D /* bartender */ = {
			isa = PBXNativeTarget;
			buildConfigurationList = B6D1A4F72BAD2C540059942D /* Build configuration list for PBXNativeTarget "bartender" */;
			buildPhases = (
				B6D1A4E32BAD2C530059942D /* Sources */,
				B6D1A4E42BAD2C530059942D /* Frameworks */,
				B6D1A4E52BAD2C530059942D /* Resources */,
			);
			buildRules = (
			);
			dependencies = (
			);
			name = bartender;
			productName = bartender;
			productReference = B6D1A4E72BAD2C530059942D /* bartender.app */;
			productType = "com.apple.product-type.application";
		};
/* End PBXNativeTarget section */

/* Begin PBXProject section */
		B6D1A4DF2BAD2C530059942D /* Project object */ = {
			isa = PBXProject;
			attributes = {
				BuildIndependentTargetsInParallel = 1;
				LastSwiftUpdateCheck = 1530;
				LastUpgradeCheck = 1530;
				TargetAttributes = {
					B6D1A4E62BAD2C530059942D = {
						CreatedOnToolsVersion = 15.3;
					};
				};
			};
			buildConfigurationList = B6D1A4E22BAD2C530059942D /* Build configuration list for PBXProject "bartender" */;
			compatibilityVersion = "Xcode 14.0";
			developmentRegion = en;
			hasScannedForEncodings = 0;
			knownRegions = (
				en,
				Base,
			);
			mainGroup = B6D1A4DE2BAD2C530059942D;
			productRefGroup = B6D1A4E82BAD2C530059942D /* Products */;
			projectDirPath = "";
			projectRoot = "";
			targets = (
				B6D1A4E62BAD2C530059942D /* bartender */,
			);
		};
/* End PBXProject section */

/* Begin PBXResourcesBuildPhase section */
		B6D1A4E52BAD2C530059942D /* Resources */ = {
			isa = PBXResourcesBuildPhase;
			buildActionMask = 2147483647;
			files = (
				B6D1A4F42BAD2C540059942D /* Preview Assets.xcassets in Resources */,
				B6B250992BB2A26800A3098D /* .gitignore in Resources */,
				B6D1A4F12BAD2C540059942D /* Assets.xcassets in Resources */,
			);
			runOnlyForDeploymentPostprocessing = 0;
		};
/* End PBXResourcesBuildPhase section */

/* Begin PBXSourcesBuildPhase section */
		B6D1A4E32BAD2C530059942D /* Sources */ = {
			isa = PBXSourcesBuildPhase;
			buildActionMask = 2147483647;
			files = (
				B6EEAEDF2BD23D6E001B8EA3 /* IngredientTypePicker.swift in Sources */,
				B6B2509B2BB3B41100A3098D /* AddBottlesView.swift in Sources */,
				B6B250882BB27D3B00A3098D /* OpenAINetworkManager.swift in Sources */,
				B6B520BB2BD0CE830099C015 /* EditCocktailRecipeView.swift in Sources */,
				B6B520A42BC369A80099C015 /* IngredientType.swift in Sources */,
				B6B2509F2BB3C81100A3098D /* EditBottleView.swift in Sources */,
				B6D1A4ED2BAD2C530059942D /* ContentView.swift in Sources */,
				B66FC17B2BEC9CEB008D7322 /* CreateMenuFromImageView.swift in Sources */,
				B6B250A52BBA966100A3098D /* AddBarView.swift in Sources */,
				B6B250772BAD3C5300A3098D /* BottleModel.swift in Sources */,
				B6B520AA2BC8F9EC0099C015 /* SampleRecipes.swift in Sources */,
				B6B2508F2BB285E700A3098D /* ImagePicker.swift in Sources */,
				B6B2508C2BB2832D00A3098D /* NetworkHelpers.swift in Sources */,
				B6B520A02BC292030099C015 /* CellarEditToolbarButton.swift in Sources */,
				B6B250842BB12EAA00A3098D /* VersionedSchemas.swift in Sources */,
				B66FC17E2BF30728008D7322 /* DBCommand.swift in Sources */,
				B6B2509D2BB3BFA000A3098D /* BottleUploadViewHandler.swift in Sources */,
				B6B2506A2BAD371400A3098D /* CellarTabView.swift in Sources */,
				B6D1A4EF2BAD2C530059942D /* Item.swift in Sources */,
				B6B5209E2BC23E330099C015 /* EditBarsView.swift in Sources */,
				B6B520932BC10CBC0099C015 /* BarPicker.swift in Sources */,
				B66FC1802BF31F8A008D7322 /* ImagePickerButtons.swift in Sources */,
				B6B520AE2BCB9E4A0099C015 /* MenuDetailView.swift in Sources */,
				B6B250A12BB3DB4A00A3098D /* BottleTypePicker.swift in Sources */,
				B6B520B02BCB9E660099C015 /* RecipeDetailView.swift in Sources */,
				B6B520BD2BD22E020099C015 /* RecipeStepsView.swift in Sources */,
				B6B2507D2BB0017F00A3098D /* PreviewContainer.swift in Sources */,
				B6D1A4EB2BAD2C530059942D /* bartenderApp.swift in Sources */,
				B6B520A22BC366240099C015 /* CocktailRecipeModel.swift in Sources */,
				B6B520962BC1167E0099C015 /* BartenderView.swift in Sources */,
				B6B2507F2BB0101B00A3098D /* BottleItemView.swift in Sources */,
				B6EEAEE12BD376CD001B8EA3 /* IngredientUnitTypePicker.swift in Sources */,
				B6B2508A2BB2824800A3098D /* ImageToCellar.swift in Sources */,
				B6B520AC2BC908C70099C015 /* MenuItemView.swift in Sources */,
				B6B520A62BC371C50099C015 /* CocktailMenuModel.swift in Sources */,
				B6EEAEDD2BD239F8001B8EA3 /* CreateCocktailRecipeView.swift in Sources */,
				B6B250912BB286AE00A3098D /* GetBottlesFromImageView.swift in Sources */,
				B6B520982BC234CC0099C015 /* BottleToolbarSection.swift in Sources */,
				B6B5209B2BC236A30099C015 /* BarToolbarSection.swift in Sources */,
				B6B520B22BCCEC480099C015 /* IngredientsView.swift in Sources */,
				B6B2506E2BAD384E00A3098D /* CocktailsTabView.swift in Sources */,
				B6B250812BB11EC600A3098D /* AddBottleView.swift in Sources */,
				B6B2507B2BAFFFE500A3098D /* BarModel.swift in Sources */,
				B66FC1792BDF3833008D7322 /* ImageToMenu.swift in Sources */,
				B6B520A82BC3C8600099C015 /* IngredientUnitType.swift in Sources */,
				B6B520B92BCE1B040099C015 /* CreateMenuView.swift in Sources */,
				B6B250752BAD3BEE00A3098D /* BottleType.swift in Sources */,
			);
			runOnlyForDeploymentPostprocessing = 0;
		};
/* End PBXSourcesBuildPhase section */

/* Begin XCBuildConfiguration section */
		B6D1A4F52BAD2C540059942D /* Debug */ = {
			isa = XCBuildConfiguration;
			baseConfigurationReference = B6B250972BB2A23C00A3098D /* dev.xcconfig */;
			buildSettings = {
				ALWAYS_SEARCH_USER_PATHS = NO;
				ASSETCATALOG_COMPILER_GENERATE_SWIFT_ASSET_SYMBOL_EXTENSIONS = YES;
				CLANG_ANALYZER_NONNULL = YES;
				CLANG_ANALYZER_NUMBER_OBJECT_CONVERSION = YES_AGGRESSIVE;
				CLANG_CXX_LANGUAGE_STANDARD = "gnu++20";
				CLANG_ENABLE_MODULES = YES;
				CLANG_ENABLE_OBJC_ARC = YES;
				CLANG_ENABLE_OBJC_WEAK = YES;
				CLANG_WARN_BLOCK_CAPTURE_AUTORELEASING = YES;
				CLANG_WARN_BOOL_CONVERSION = YES;
				CLANG_WARN_COMMA = YES;
				CLANG_WARN_CONSTANT_CONVERSION = YES;
				CLANG_WARN_DEPRECATED_OBJC_IMPLEMENTATIONS = YES;
				CLANG_WARN_DIRECT_OBJC_ISA_USAGE = YES_ERROR;
				CLANG_WARN_DOCUMENTATION_COMMENTS = YES;
				CLANG_WARN_EMPTY_BODY = YES;
				CLANG_WARN_ENUM_CONVERSION = YES;
				CLANG_WARN_INFINITE_RECURSION = YES;
				CLANG_WARN_INT_CONVERSION = YES;
				CLANG_WARN_NON_LITERAL_NULL_CONVERSION = YES;
				CLANG_WARN_OBJC_IMPLICIT_RETAIN_SELF = YES;
				CLANG_WARN_OBJC_LITERAL_CONVERSION = YES;
				CLANG_WARN_OBJC_ROOT_CLASS = YES_ERROR;
				CLANG_WARN_QUOTED_INCLUDE_IN_FRAMEWORK_HEADER = YES;
				CLANG_WARN_RANGE_LOOP_ANALYSIS = YES;
				CLANG_WARN_STRICT_PROTOTYPES = YES;
				CLANG_WARN_SUSPICIOUS_MOVE = YES;
				CLANG_WARN_UNGUARDED_AVAILABILITY = YES_AGGRESSIVE;
				CLANG_WARN_UNREACHABLE_CODE = YES;
				CLANG_WARN__DUPLICATE_METHOD_MATCH = YES;
				COPY_PHASE_STRIP = NO;
				DEBUG_INFORMATION_FORMAT = dwarf;
				ENABLE_STRICT_OBJC_MSGSEND = YES;
				ENABLE_TESTABILITY = YES;
				ENABLE_USER_SCRIPT_SANDBOXING = YES;
				GCC_C_LANGUAGE_STANDARD = gnu17;
				GCC_DYNAMIC_NO_PIC = NO;
				GCC_NO_COMMON_BLOCKS = YES;
				GCC_OPTIMIZATION_LEVEL = 0;
				GCC_PREPROCESSOR_DEFINITIONS = (
					"DEBUG=1",
					"$(inherited)",
				);
				GCC_WARN_64_TO_32_BIT_CONVERSION = YES;
				GCC_WARN_ABOUT_RETURN_TYPE = YES_ERROR;
				GCC_WARN_UNDECLARED_SELECTOR = YES;
				GCC_WARN_UNINITIALIZED_AUTOS = YES_AGGRESSIVE;
				GCC_WARN_UNUSED_FUNCTION = YES;
				GCC_WARN_UNUSED_VARIABLE = YES;
				IPHONEOS_DEPLOYMENT_TARGET = 17.2;
				LOCALIZATION_PREFERS_STRING_CATALOGS = YES;
				MTL_ENABLE_DEBUG_INFO = INCLUDE_SOURCE;
				MTL_FAST_MATH = YES;
				ONLY_ACTIVE_ARCH = YES;
				SDKROOT = iphoneos;
				SWIFT_ACTIVE_COMPILATION_CONDITIONS = "DEBUG $(inherited)";
				SWIFT_OPTIMIZATION_LEVEL = "-Onone";
			};
			name = Debug;
		};
		B6D1A4F62BAD2C540059942D /* Release */ = {
			isa = XCBuildConfiguration;
			buildSettings = {
				ALWAYS_SEARCH_USER_PATHS = NO;
				ASSETCATALOG_COMPILER_GENERATE_SWIFT_ASSET_SYMBOL_EXTENSIONS = YES;
				CLANG_ANALYZER_NONNULL = YES;
				CLANG_ANALYZER_NUMBER_OBJECT_CONVERSION = YES_AGGRESSIVE;
				CLANG_CXX_LANGUAGE_STANDARD = "gnu++20";
				CLANG_ENABLE_MODULES = YES;
				CLANG_ENABLE_OBJC_ARC = YES;
				CLANG_ENABLE_OBJC_WEAK = YES;
				CLANG_WARN_BLOCK_CAPTURE_AUTORELEASING = YES;
				CLANG_WARN_BOOL_CONVERSION = YES;
				CLANG_WARN_COMMA = YES;
				CLANG_WARN_CONSTANT_CONVERSION = YES;
				CLANG_WARN_DEPRECATED_OBJC_IMPLEMENTATIONS = YES;
				CLANG_WARN_DIRECT_OBJC_ISA_USAGE = YES_ERROR;
				CLANG_WARN_DOCUMENTATION_COMMENTS = YES;
				CLANG_WARN_EMPTY_BODY = YES;
				CLANG_WARN_ENUM_CONVERSION = YES;
				CLANG_WARN_INFINITE_RECURSION = YES;
				CLANG_WARN_INT_CONVERSION = YES;
				CLANG_WARN_NON_LITERAL_NULL_CONVERSION = YES;
				CLANG_WARN_OBJC_IMPLICIT_RETAIN_SELF = YES;
				CLANG_WARN_OBJC_LITERAL_CONVERSION = YES;
				CLANG_WARN_OBJC_ROOT_CLASS = YES_ERROR;
				CLANG_WARN_QUOTED_INCLUDE_IN_FRAMEWORK_HEADER = YES;
				CLANG_WARN_RANGE_LOOP_ANALYSIS = YES;
				CLANG_WARN_STRICT_PROTOTYPES = YES;
				CLANG_WARN_SUSPICIOUS_MOVE = YES;
				CLANG_WARN_UNGUARDED_AVAILABILITY = YES_AGGRESSIVE;
				CLANG_WARN_UNREACHABLE_CODE = YES;
				CLANG_WARN__DUPLICATE_METHOD_MATCH = YES;
				COPY_PHASE_STRIP = NO;
				DEBUG_INFORMATION_FORMAT = "dwarf-with-dsym";
				ENABLE_NS_ASSERTIONS = NO;
				ENABLE_STRICT_OBJC_MSGSEND = YES;
				ENABLE_USER_SCRIPT_SANDBOXING = YES;
				GCC_C_LANGUAGE_STANDARD = gnu17;
				GCC_NO_COMMON_BLOCKS = YES;
				GCC_WARN_64_TO_32_BIT_CONVERSION = YES;
				GCC_WARN_ABOUT_RETURN_TYPE = YES_ERROR;
				GCC_WARN_UNDECLARED_SELECTOR = YES;
				GCC_WARN_UNINITIALIZED_AUTOS = YES_AGGRESSIVE;
				GCC_WARN_UNUSED_FUNCTION = YES;
				GCC_WARN_UNUSED_VARIABLE = YES;
				IPHONEOS_DEPLOYMENT_TARGET = 17.2;
				LOCALIZATION_PREFERS_STRING_CATALOGS = YES;
				MTL_ENABLE_DEBUG_INFO = NO;
				MTL_FAST_MATH = YES;
				SDKROOT = iphoneos;
				SWIFT_COMPILATION_MODE = wholemodule;
				VALIDATE_PRODUCT = YES;
			};
			name = Release;
		};
		B6D1A4F82BAD2C540059942D /* Debug */ = {
			isa = XCBuildConfiguration;
			buildSettings = {
				ASSETCATALOG_COMPILER_APPICON_NAME = AppIcon;
				ASSETCATALOG_COMPILER_GLOBAL_ACCENT_COLOR_NAME = AccentColor;
				CODE_SIGN_STYLE = Automatic;
				CURRENT_PROJECT_VERSION = 1;
				DEVELOPMENT_ASSET_PATHS = "\"bartender/Preview Content\"";
				DEVELOPMENT_TEAM = 4FF97FVLA5;
				ENABLE_PREVIEWS = YES;
				GENERATE_INFOPLIST_FILE = YES;
				INFOPLIST_FILE = bartender/Info.plist;
				INFOPLIST_KEY_CFBundleDisplayName = bartender;
				INFOPLIST_KEY_LSApplicationCategoryType = "public.app-category.food-and-drink";
				INFOPLIST_KEY_NSCameraUsageDescription = "Upload bottles and cocktail menus via photos or camera";
				INFOPLIST_KEY_UIApplicationSceneManifest_Generation = YES;
				INFOPLIST_KEY_UIApplicationSupportsIndirectInputEvents = YES;
				INFOPLIST_KEY_UILaunchScreen_Generation = YES;
				INFOPLIST_KEY_UISupportedInterfaceOrientations_iPad = "UIInterfaceOrientationPortrait UIInterfaceOrientationPortraitUpsideDown UIInterfaceOrientationLandscapeLeft UIInterfaceOrientationLandscapeRight";
				INFOPLIST_KEY_UISupportedInterfaceOrientations_iPhone = "UIInterfaceOrientationPortrait UIInterfaceOrientationLandscapeLeft UIInterfaceOrientationLandscapeRight";
				IPHONEOS_DEPLOYMENT_TARGET = 17.2;
				LD_RUNPATH_SEARCH_PATHS = (
					"$(inherited)",
					"@executable_path/Frameworks",
				);
				MARKETING_VERSION = 1.0;
				PRODUCT_BUNDLE_IDENTIFIER = xyz.anish.bartender;
				PRODUCT_NAME = "$(TARGET_NAME)";
				SWIFT_EMIT_LOC_STRINGS = YES;
				SWIFT_VERSION = 5.0;
				TARGETED_DEVICE_FAMILY = "1,2";
			};
			name = Debug;
		};
		B6D1A4F92BAD2C540059942D /* Release */ = {
			isa = XCBuildConfiguration;
			buildSettings = {
				ASSETCATALOG_COMPILER_APPICON_NAME = AppIcon;
				ASSETCATALOG_COMPILER_GLOBAL_ACCENT_COLOR_NAME = AccentColor;
				CODE_SIGN_STYLE = Automatic;
				CURRENT_PROJECT_VERSION = 1;
				DEVELOPMENT_ASSET_PATHS = "\"bartender/Preview Content\"";
				DEVELOPMENT_TEAM = 4FF97FVLA5;
				ENABLE_PREVIEWS = YES;
				GENERATE_INFOPLIST_FILE = YES;
				INFOPLIST_FILE = bartender/Info.plist;
				INFOPLIST_KEY_CFBundleDisplayName = bartender;
				INFOPLIST_KEY_LSApplicationCategoryType = "public.app-category.food-and-drink";
				INFOPLIST_KEY_NSCameraUsageDescription = "Upload bottles and cocktail menus via photos or camera";
				INFOPLIST_KEY_UIApplicationSceneManifest_Generation = YES;
				INFOPLIST_KEY_UIApplicationSupportsIndirectInputEvents = YES;
				INFOPLIST_KEY_UILaunchScreen_Generation = YES;
				INFOPLIST_KEY_UISupportedInterfaceOrientations_iPad = "UIInterfaceOrientationPortrait UIInterfaceOrientationPortraitUpsideDown UIInterfaceOrientationLandscapeLeft UIInterfaceOrientationLandscapeRight";
				INFOPLIST_KEY_UISupportedInterfaceOrientations_iPhone = "UIInterfaceOrientationPortrait UIInterfaceOrientationLandscapeLeft UIInterfaceOrientationLandscapeRight";
				IPHONEOS_DEPLOYMENT_TARGET = 17.2;
				LD_RUNPATH_SEARCH_PATHS = (
					"$(inherited)",
					"@executable_path/Frameworks",
				);
				MARKETING_VERSION = 1.0;
				PRODUCT_BUNDLE_IDENTIFIER = xyz.anish.bartender;
				PRODUCT_NAME = "$(TARGET_NAME)";
				SWIFT_EMIT_LOC_STRINGS = YES;
				SWIFT_VERSION = 5.0;
				TARGETED_DEVICE_FAMILY = "1,2";
			};
			name = Release;
		};
/* End XCBuildConfiguration section */

/* Begin XCConfigurationList section */
		B6D1A4E22BAD2C530059942D /* Build configuration list for PBXProject "bartender" */ = {
			isa = XCConfigurationList;
			buildConfigurations = (
				B6D1A4F52BAD2C540059942D /* Debug */,
				B6D1A4F62BAD2C540059942D /* Release */,
			);
			defaultConfigurationIsVisible = 0;
			defaultConfigurationName = Release;
		};
		B6D1A4F72BAD2C540059942D /* Build configuration list for PBXNativeTarget "bartender" */ = {
			isa = XCConfigurationList;
			buildConfigurations = (
				B6D1A4F82BAD2C540059942D /* Debug */,
				B6D1A4F92BAD2C540059942D /* Release */,
			);
			defaultConfigurationIsVisible = 0;
			defaultConfigurationName = Release;
		};
/* End XCConfigurationList section */
	};
	rootObject = B6D1A4DF2BAD2C530059942D /* Project object */;
}
