// !$*UTF8*$!
{
	archiveVersion = 1;
	classes = {
	};
	objectVersion = 56;
	objects = {

/* Begin PBXBuildFile section */
		B6B2506A2BAD371400A3098D /* CellarView.swift in Sources */ = {isa = PBXBuildFile; fileRef = B6B250692BAD371400A3098D /* CellarView.swift */; };
		B6B2506E2BAD384E00A3098D /* CocktailsView.swift in Sources */ = {isa = PBXBuildFile; fileRef = B6B2506D2BAD384E00A3098D /* CocktailsView.swift */; };
		B6B250752BAD3BEE00A3098D /* BottleType.swift in Sources */ = {isa = PBXBuildFile; fileRef = B6B250742BAD3BEE00A3098D /* BottleType.swift */; };
		B6B250772BAD3C5300A3098D /* Bottle.swift in Sources */ = {isa = PBXBuildFile; fileRef = B6B250762BAD3C5300A3098D /* Bottle.swift */; };
		B6B250792BAFFC0800A3098D /* BottleEditor.swift in Sources */ = {isa = PBXBuildFile; fileRef = B6B250782BAFFC0800A3098D /* BottleEditor.swift */; };
		B6B2507B2BAFFFE500A3098D /* Bar.swift in Sources */ = {isa = PBXBuildFile; fileRef = B6B2507A2BAFFFE500A3098D /* Bar.swift */; };
		B6B2507D2BB0017F00A3098D /* PreviewContainer.swift in Sources */ = {isa = PBXBuildFile; fileRef = B6B2507C2BB0017F00A3098D /* PreviewContainer.swift */; };
		B6B2507F2BB0101B00A3098D /* BottleItemView.swift in Sources */ = {isa = PBXBuildFile; fileRef = B6B2507E2BB0101B00A3098D /* BottleItemView.swift */; };
		B6B250812BB11EC600A3098D /* AddBottleView.swift in Sources */ = {isa = PBXBuildFile; fileRef = B6B250802BB11EC600A3098D /* AddBottleView.swift */; };
		B6B250842BB12EAA00A3098D /* VersionedSchemas.swift in Sources */ = {isa = PBXBuildFile; fileRef = B6B250832BB12EAA00A3098D /* VersionedSchemas.swift */; };
		B6D1A4EB2BAD2C530059942D /* bartenderApp.swift in Sources */ = {isa = PBXBuildFile; fileRef = B6D1A4EA2BAD2C530059942D /* bartenderApp.swift */; };
		B6D1A4ED2BAD2C530059942D /* ContentView.swift in Sources */ = {isa = PBXBuildFile; fileRef = B6D1A4EC2BAD2C530059942D /* ContentView.swift */; };
		B6D1A4EF2BAD2C530059942D /* Item.swift in Sources */ = {isa = PBXBuildFile; fileRef = B6D1A4EE2BAD2C530059942D /* Item.swift */; };
		B6D1A4F12BAD2C540059942D /* Assets.xcassets in Resources */ = {isa = PBXBuildFile; fileRef = B6D1A4F02BAD2C540059942D /* Assets.xcassets */; };
		B6D1A4F42BAD2C540059942D /* Preview Assets.xcassets in Resources */ = {isa = PBXBuildFile; fileRef = B6D1A4F32BAD2C540059942D /* Preview Assets.xcassets */; };
/* End PBXBuildFile section */

/* Begin PBXFileReference section */
		B6B250692BAD371400A3098D /* CellarView.swift */ = {isa = PBXFileReference; lastKnownFileType = sourcecode.swift; path = CellarView.swift; sourceTree = "<group>"; };
		B6B2506D2BAD384E00A3098D /* CocktailsView.swift */ = {isa = PBXFileReference; lastKnownFileType = sourcecode.swift; path = CocktailsView.swift; sourceTree = "<group>"; };
		B6B250742BAD3BEE00A3098D /* BottleType.swift */ = {isa = PBXFileReference; lastKnownFileType = sourcecode.swift; path = BottleType.swift; sourceTree = "<group>"; };
		B6B250762BAD3C5300A3098D /* Bottle.swift */ = {isa = PBXFileReference; lastKnownFileType = sourcecode.swift; path = Bottle.swift; sourceTree = "<group>"; };
		B6B250782BAFFC0800A3098D /* BottleEditor.swift */ = {isa = PBXFileReference; lastKnownFileType = sourcecode.swift; path = BottleEditor.swift; sourceTree = "<group>"; };
		B6B2507A2BAFFFE500A3098D /* Bar.swift */ = {isa = PBXFileReference; lastKnownFileType = sourcecode.swift; path = Bar.swift; sourceTree = "<group>"; };
		B6B2507C2BB0017F00A3098D /* PreviewContainer.swift */ = {isa = PBXFileReference; lastKnownFileType = sourcecode.swift; path = PreviewContainer.swift; sourceTree = "<group>"; };
		B6B2507E2BB0101B00A3098D /* BottleItemView.swift */ = {isa = PBXFileReference; lastKnownFileType = sourcecode.swift; path = BottleItemView.swift; sourceTree = "<group>"; };
		B6B250802BB11EC600A3098D /* AddBottleView.swift */ = {isa = PBXFileReference; lastKnownFileType = sourcecode.swift; path = AddBottleView.swift; sourceTree = "<group>"; };
		B6B250832BB12EAA00A3098D /* VersionedSchemas.swift */ = {isa = PBXFileReference; lastKnownFileType = sourcecode.swift; path = VersionedSchemas.swift; sourceTree = "<group>"; };
		B6D1A4E72BAD2C530059942D /* bartender.app */ = {isa = PBXFileReference; explicitFileType = wrapper.application; includeInIndex = 0; path = bartender.app; sourceTree = BUILT_PRODUCTS_DIR; };
		B6D1A4EA2BAD2C530059942D /* bartenderApp.swift */ = {isa = PBXFileReference; lastKnownFileType = sourcecode.swift; path = bartenderApp.swift; sourceTree = "<group>"; };
		B6D1A4EC2BAD2C530059942D /* ContentView.swift */ = {isa = PBXFileReference; lastKnownFileType = sourcecode.swift; path = ContentView.swift; sourceTree = "<group>"; };
		B6D1A4EE2BAD2C530059942D /* Item.swift */ = {isa = PBXFileReference; lastKnownFileType = sourcecode.swift; path = Item.swift; sourceTree = "<group>"; };
		B6D1A4F02BAD2C540059942D /* Assets.xcassets */ = {isa = PBXFileReference; lastKnownFileType = folder.assetcatalog; path = Assets.xcassets; sourceTree = "<group>"; };
		B6D1A4F32BAD2C540059942D /* Preview Assets.xcassets */ = {isa = PBXFileReference; lastKnownFileType = folder.assetcatalog; path = "Preview Assets.xcassets"; sourceTree = "<group>"; };
/* End PBXFileReference section */

/* Begin PBXFrameworksBuildPhase section */
		B6D1A4E42BAD2C530059942D /* Frameworks */ = {
			isa = PBXFrameworksBuildPhase;
			buildActionMask = 2147483647;
			files = (
			);
			runOnlyForDeploymentPostprocessing = 0;
		};
/* End PBXFrameworksBuildPhase section */

/* Begin PBXGroup section */
		B6B250682BAD370000A3098D /* Cellar */ = {
			isa = PBXGroup;
			children = (
				B6B250692BAD371400A3098D /* CellarView.swift */,
				B6B250782BAFFC0800A3098D /* BottleEditor.swift */,
				B6B2507E2BB0101B00A3098D /* BottleItemView.swift */,
				B6B250802BB11EC600A3098D /* AddBottleView.swift */,
			);
			path = Cellar;
			sourceTree = "<group>";
		};
		B6B2506C2BAD382200A3098D /* Cocktails */ = {
			isa = PBXGroup;
			children = (
				B6B2506D2BAD384E00A3098D /* CocktailsView.swift */,
			);
			path = Cocktails;
			sourceTree = "<group>";
		};
		B6B250732BAD3BD200A3098D /* Models */ = {
			isa = PBXGroup;
			children = (
				B6B250742BAD3BEE00A3098D /* BottleType.swift */,
				B6B250762BAD3C5300A3098D /* Bottle.swift */,
				B6B2507A2BAFFFE500A3098D /* Bar.swift */,
				B6B2507C2BB0017F00A3098D /* PreviewContainer.swift */,
				B6B250832BB12EAA00A3098D /* VersionedSchemas.swift */,
			);
			path = Models;
			sourceTree = "<group>";
		};
		B6D1A4DE2BAD2C530059942D = {
			isa = PBXGroup;
			children = (
				B6D1A4E92BAD2C530059942D /* bartender */,
				B6D1A4E82BAD2C530059942D /* Products */,
			);
			sourceTree = "<group>";
		};
		B6D1A4E82BAD2C530059942D /* Products */ = {
			isa = PBXGroup;
			children = (
				B6D1A4E72BAD2C530059942D /* bartender.app */,
			);
			name = Products;
			sourceTree = "<group>";
		};
		B6D1A4E92BAD2C530059942D /* bartender */ = {
			isa = PBXGroup;
			children = (
				B6B250732BAD3BD200A3098D /* Models */,
				B6B2506C2BAD382200A3098D /* Cocktails */,
				B6B250682BAD370000A3098D /* Cellar */,
				B6D1A4EA2BAD2C530059942D /* bartenderApp.swift */,
				B6D1A4EC2BAD2C530059942D /* ContentView.swift */,
				B6D1A4EE2BAD2C530059942D /* Item.swift */,
				B6D1A4F02BAD2C540059942D /* Assets.xcassets */,
				B6D1A4F22BAD2C540059942D /* Preview Content */,
			);
			path = bartender;
			sourceTree = "<group>";
		};
		B6D1A4F22BAD2C540059942D /* Preview Content */ = {
			isa = PBXGroup;
			children = (
				B6D1A4F32BAD2C540059942D /* Preview Assets.xcassets */,
			);
			path = "Preview Content";
			sourceTree = "<group>";
		};
/* End PBXGroup section */

/* Begin PBXNativeTarget section */
		B6D1A4E62BAD2C530059942D /* bartender */ = {
			isa = PBXNativeTarget;
			buildConfigurationList = B6D1A4F72BAD2C540059942D /* Build configuration list for PBXNativeTarget "bartender" */;
			buildPhases = (
				B6D1A4E32BAD2C530059942D /* Sources */,
				B6D1A4E42BAD2C530059942D /* Frameworks */,
				B6D1A4E52BAD2C530059942D /* Resources */,
			);
			buildRules = (
			);
			dependencies = (
			);
			name = bartender;
			productName = bartender;
			productReference = B6D1A4E72BAD2C530059942D /* bartender.app */;
			productType = "com.apple.product-type.application";
		};
/* End PBXNativeTarget section */

/* Begin PBXProject section */
		B6D1A4DF2BAD2C530059942D /* Project object */ = {
			isa = PBXProject;
			attributes = {
				BuildIndependentTargetsInParallel = 1;
				LastSwiftUpdateCheck = 1530;
				LastUpgradeCheck = 1530;
				TargetAttributes = {
					B6D1A4E62BAD2C530059942D = {
						CreatedOnToolsVersion = 15.3;
					};
				};
			};
			buildConfigurationList = B6D1A4E22BAD2C530059942D /* Build configuration list for PBXProject "bartender" */;
			compatibilityVersion = "Xcode 14.0";
			developmentRegion = en;
			hasScannedForEncodings = 0;
			knownRegions = (
				en,
				Base,
			);
			mainGroup = B6D1A4DE2BAD2C530059942D;
			productRefGroup = B6D1A4E82BAD2C530059942D /* Products */;
			projectDirPath = "";
			projectRoot = "";
			targets = (
				B6D1A4E62BAD2C530059942D /* bartender */,
			);
		};
/* End PBXProject section */

/* Begin PBXResourcesBuildPhase section */
		B6D1A4E52BAD2C530059942D /* Resources */ = {
			isa = PBXResourcesBuildPhase;
			buildActionMask = 2147483647;
			files = (
				B6D1A4F42BAD2C540059942D /* Preview Assets.xcassets in Resources */,
				B6D1A4F12BAD2C540059942D /* Assets.xcassets in Resources */,
			);
			runOnlyForDeploymentPostprocessing = 0;
		};
/* End PBXResourcesBuildPhase section */

/* Begin PBXSourcesBuildPhase section */
		B6D1A4E32BAD2C530059942D /* Sources */ = {
			isa = PBXSourcesBuildPhase;
			buildActionMask = 2147483647;
			files = (
				B6D1A4ED2BAD2C530059942D /* ContentView.swift in Sources */,
				B6B250772BAD3C5300A3098D /* Bottle.swift in Sources */,
				B6B250842BB12EAA00A3098D /* VersionedSchemas.swift in Sources */,
				B6B2506A2BAD371400A3098D /* CellarView.swift in Sources */,
				B6D1A4EF2BAD2C530059942D /* Item.swift in Sources */,
				B6B2507D2BB0017F00A3098D /* PreviewContainer.swift in Sources */,
				B6D1A4EB2BAD2C530059942D /* bartenderApp.swift in Sources */,
				B6B2507F2BB0101B00A3098D /* BottleItemView.swift in Sources */,
				B6B2506E2BAD384E00A3098D /* CocktailsView.swift in Sources */,
				B6B250812BB11EC600A3098D /* AddBottleView.swift in Sources */,
				B6B250792BAFFC0800A3098D /* BottleEditor.swift in Sources */,
				B6B2507B2BAFFFE500A3098D /* Bar.swift in Sources */,
				B6B250752BAD3BEE00A3098D /* BottleType.swift in Sources */,
			);
			runOnlyForDeploymentPostprocessing = 0;
		};
/* End PBXSourcesBuildPhase section */

/* Begin XCBuildConfiguration section */
		B6D1A4F52BAD2C540059942D /* Debug */ = {
			isa = XCBuildConfiguration;
			buildSettings = {
				ALWAYS_SEARCH_USER_PATHS = NO;
				ASSETCATALOG_COMPILER_GENERATE_SWIFT_ASSET_SYMBOL_EXTENSIONS = YES;
				CLANG_ANALYZER_NONNULL = YES;
				CLANG_ANALYZER_NUMBER_OBJECT_CONVERSION = YES_AGGRESSIVE;
				CLANG_CXX_LANGUAGE_STANDARD = "gnu++20";
				CLANG_ENABLE_MODULES = YES;
				CLANG_ENABLE_OBJC_ARC = YES;
				CLANG_ENABLE_OBJC_WEAK = YES;
				CLANG_WARN_BLOCK_CAPTURE_AUTORELEASING = YES;
				CLANG_WARN_BOOL_CONVERSION = YES;
				CLANG_WARN_COMMA = YES;
				CLANG_WARN_CONSTANT_CONVERSION = YES;
				CLANG_WARN_DEPRECATED_OBJC_IMPLEMENTATIONS = YES;
				CLANG_WARN_DIRECT_OBJC_ISA_USAGE = YES_ERROR;
				CLANG_WARN_DOCUMENTATION_COMMENTS = YES;
				CLANG_WARN_EMPTY_BODY = YES;
				CLANG_WARN_ENUM_CONVERSION = YES;
				CLANG_WARN_INFINITE_RECURSION = YES;
				CLANG_WARN_INT_CONVERSION = YES;
				CLANG_WARN_NON_LITERAL_NULL_CONVERSION = YES;
				CLANG_WARN_OBJC_IMPLICIT_RETAIN_SELF = YES;
				CLANG_WARN_OBJC_LITERAL_CONVERSION = YES;
				CLANG_WARN_OBJC_ROOT_CLASS = YES_ERROR;
				CLANG_WARN_QUOTED_INCLUDE_IN_FRAMEWORK_HEADER = YES;
				CLANG_WARN_RANGE_LOOP_ANALYSIS = YES;
				CLANG_WARN_STRICT_PROTOTYPES = YES;
				CLANG_WARN_SUSPICIOUS_MOVE = YES;
				CLANG_WARN_UNGUARDED_AVAILABILITY = YES_AGGRESSIVE;
				CLANG_WARN_UNREACHABLE_CODE = YES;
				CLANG_WARN__DUPLICATE_METHOD_MATCH = YES;
				COPY_PHASE_STRIP = NO;
				DEBUG_INFORMATION_FORMAT = dwarf;
				ENABLE_STRICT_OBJC_MSGSEND = YES;
				ENABLE_TESTABILITY = YES;
				ENABLE_USER_SCRIPT_SANDBOXING = YES;
				GCC_C_LANGUAGE_STANDARD = gnu17;
				GCC_DYNAMIC_NO_PIC = NO;
				GCC_NO_COMMON_BLOCKS = YES;
				GCC_OPTIMIZATION_LEVEL = 0;
				GCC_PREPROCESSOR_DEFINITIONS = (
					"DEBUG=1",
					"$(inherited)",
				);
				GCC_WARN_64_TO_32_BIT_CONVERSION = YES;
				GCC_WARN_ABOUT_RETURN_TYPE = YES_ERROR;
				GCC_WARN_UNDECLARED_SELECTOR = YES;
				GCC_WARN_UNINITIALIZED_AUTOS = YES_AGGRESSIVE;
				GCC_WARN_UNUSED_FUNCTION = YES;
				GCC_WARN_UNUSED_VARIABLE = YES;
				IPHONEOS_DEPLOYMENT_TARGET = 17.2;
				LOCALIZATION_PREFERS_STRING_CATALOGS = YES;
				MTL_ENABLE_DEBUG_INFO = INCLUDE_SOURCE;
				MTL_FAST_MATH = YES;
				ONLY_ACTIVE_ARCH = YES;
				SDKROOT = iphoneos;
				SWIFT_ACTIVE_COMPILATION_CONDITIONS = "DEBUG $(inherited)";
				SWIFT_OPTIMIZATION_LEVEL = "-Onone";
			};
			name = Debug;
		};
		B6D1A4F62BAD2C540059942D /* Release */ = {
			isa = XCBuildConfiguration;
			buildSettings = {
				ALWAYS_SEARCH_USER_PATHS = NO;
				ASSETCATALOG_COMPILER_GENERATE_SWIFT_ASSET_SYMBOL_EXTENSIONS = YES;
				CLANG_ANALYZER_NONNULL = YES;
				CLANG_ANALYZER_NUMBER_OBJECT_CONVERSION = YES_AGGRESSIVE;
				CLANG_CXX_LANGUAGE_STANDARD = "gnu++20";
				CLANG_ENABLE_MODULES = YES;
				CLANG_ENABLE_OBJC_ARC = YES;
				CLANG_ENABLE_OBJC_WEAK = YES;
				CLANG_WARN_BLOCK_CAPTURE_AUTORELEASING = YES;
				CLANG_WARN_BOOL_CONVERSION = YES;
				CLANG_WARN_COMMA = YES;
				CLANG_WARN_CONSTANT_CONVERSION = YES;
				CLANG_WARN_DEPRECATED_OBJC_IMPLEMENTATIONS = YES;
				CLANG_WARN_DIRECT_OBJC_ISA_USAGE = YES_ERROR;
				CLANG_WARN_DOCUMENTATION_COMMENTS = YES;
				CLANG_WARN_EMPTY_BODY = YES;
				CLANG_WARN_ENUM_CONVERSION = YES;
				CLANG_WARN_INFINITE_RECURSION = YES;
				CLANG_WARN_INT_CONVERSION = YES;
				CLANG_WARN_NON_LITERAL_NULL_CONVERSION = YES;
				CLANG_WARN_OBJC_IMPLICIT_RETAIN_SELF = YES;
				CLANG_WARN_OBJC_LITERAL_CONVERSION = YES;
				CLANG_WARN_OBJC_ROOT_CLASS = YES_ERROR;
				CLANG_WARN_QUOTED_INCLUDE_IN_FRAMEWORK_HEADER = YES;
				CLANG_WARN_RANGE_LOOP_ANALYSIS = YES;
				CLANG_WARN_STRICT_PROTOTYPES = YES;
				CLANG_WARN_SUSPICIOUS_MOVE = YES;
				CLANG_WARN_UNGUARDED_AVAILABILITY = YES_AGGRESSIVE;
				CLANG_WARN_UNREACHABLE_CODE = YES;
				CLANG_WARN__DUPLICATE_METHOD_MATCH = YES;
				COPY_PHASE_STRIP = NO;
				DEBUG_INFORMATION_FORMAT = "dwarf-with-dsym";
				ENABLE_NS_ASSERTIONS = NO;
				ENABLE_STRICT_OBJC_MSGSEND = YES;
				ENABLE_USER_SCRIPT_SANDBOXING = YES;
				GCC_C_LANGUAGE_STANDARD = gnu17;
				GCC_NO_COMMON_BLOCKS = YES;
				GCC_WARN_64_TO_32_BIT_CONVERSION = YES;
				GCC_WARN_ABOUT_RETURN_TYPE = YES_ERROR;
				GCC_WARN_UNDECLARED_SELECTOR = YES;
				GCC_WARN_UNINITIALIZED_AUTOS = YES_AGGRESSIVE;
				GCC_WARN_UNUSED_FUNCTION = YES;
				GCC_WARN_UNUSED_VARIABLE = YES;
				IPHONEOS_DEPLOYMENT_TARGET = 17.2;
				LOCALIZATION_PREFERS_STRING_CATALOGS = YES;
				MTL_ENABLE_DEBUG_INFO = NO;
				MTL_FAST_MATH = YES;
				SDKROOT = iphoneos;
				SWIFT_COMPILATION_MODE = wholemodule;
				VALIDATE_PRODUCT = YES;
			};
			name = Release;
		};
		B6D1A4F82BAD2C540059942D /* Debug */ = {
			isa = XCBuildConfiguration;
			buildSettings = {
				ASSETCATALOG_COMPILER_APPICON_NAME = AppIcon;
				ASSETCATALOG_COMPILER_GLOBAL_ACCENT_COLOR_NAME = AccentColor;
				CODE_SIGN_STYLE = Automatic;
				CURRENT_PROJECT_VERSION = 1;
				DEVELOPMENT_ASSET_PATHS = "\"bartender/Preview Content\"";
				DEVELOPMENT_TEAM = 4FF97FVLA5;
				ENABLE_PREVIEWS = YES;
				GENERATE_INFOPLIST_FILE = YES;
				INFOPLIST_KEY_CFBundleDisplayName = bartender;
				INFOPLIST_KEY_LSApplicationCategoryType = "public.app-category.food-and-drink";
				INFOPLIST_KEY_UIApplicationSceneManifest_Generation = YES;
				INFOPLIST_KEY_UIApplicationSupportsIndirectInputEvents = YES;
				INFOPLIST_KEY_UILaunchScreen_Generation = YES;
				INFOPLIST_KEY_UISupportedInterfaceOrientations_iPad = "UIInterfaceOrientationPortrait UIInterfaceOrientationPortraitUpsideDown UIInterfaceOrientationLandscapeLeft UIInterfaceOrientationLandscapeRight";
				INFOPLIST_KEY_UISupportedInterfaceOrientations_iPhone = "UIInterfaceOrientationPortrait UIInterfaceOrientationLandscapeLeft UIInterfaceOrientationLandscapeRight";
				IPHONEOS_DEPLOYMENT_TARGET = 17.2;
				LD_RUNPATH_SEARCH_PATHS = (
					"$(inherited)",
					"@executable_path/Frameworks",
				);
				MARKETING_VERSION = 1.0;
				PRODUCT_BUNDLE_IDENTIFIER = xyz.anish.bartender;
				PRODUCT_NAME = "$(TARGET_NAME)";
				SWIFT_EMIT_LOC_STRINGS = YES;
				SWIFT_VERSION = 5.0;
				TARGETED_DEVICE_FAMILY = "1,2";
			};
			name = Debug;
		};
		B6D1A4F92BAD2C540059942D /* Release */ = {
			isa = XCBuildConfiguration;
			buildSettings = {
				ASSETCATALOG_COMPILER_APPICON_NAME = AppIcon;
				ASSETCATALOG_COMPILER_GLOBAL_ACCENT_COLOR_NAME = AccentColor;
				CODE_SIGN_STYLE = Automatic;
				CURRENT_PROJECT_VERSION = 1;
				DEVELOPMENT_ASSET_PATHS = "\"bartender/Preview Content\"";
				DEVELOPMENT_TEAM = 4FF97FVLA5;
				ENABLE_PREVIEWS = YES;
				GENERATE_INFOPLIST_FILE = YES;
				INFOPLIST_KEY_CFBundleDisplayName = bartender;
				INFOPLIST_KEY_LSApplicationCategoryType = "public.app-category.food-and-drink";
				INFOPLIST_KEY_UIApplicationSceneManifest_Generation = YES;
				INFOPLIST_KEY_UIApplicationSupportsIndirectInputEvents = YES;
				INFOPLIST_KEY_UILaunchScreen_Generation = YES;
				INFOPLIST_KEY_UISupportedInterfaceOrientations_iPad = "UIInterfaceOrientationPortrait UIInterfaceOrientationPortraitUpsideDown UIInterfaceOrientationLandscapeLeft UIInterfaceOrientationLandscapeRight";
				INFOPLIST_KEY_UISupportedInterfaceOrientations_iPhone = "UIInterfaceOrientationPortrait UIInterfaceOrientationLandscapeLeft UIInterfaceOrientationLandscapeRight";
				IPHONEOS_DEPLOYMENT_TARGET = 17.2;
				LD_RUNPATH_SEARCH_PATHS = (
					"$(inherited)",
					"@executable_path/Frameworks",
				);
				MARKETING_VERSION = 1.0;
				PRODUCT_BUNDLE_IDENTIFIER = xyz.anish.bartender;
				PRODUCT_NAME = "$(TARGET_NAME)";
				SWIFT_EMIT_LOC_STRINGS = YES;
				SWIFT_VERSION = 5.0;
				TARGETED_DEVICE_FAMILY = "1,2";
			};
			name = Release;
		};
/* End XCBuildConfiguration section */

/* Begin XCConfigurationList section */
		B6D1A4E22BAD2C530059942D /* Build configuration list for PBXProject "bartender" */ = {
			isa = XCConfigurationList;
			buildConfigurations = (
				B6D1A4F52BAD2C540059942D /* Debug */,
				B6D1A4F62BAD2C540059942D /* Release */,
			);
			defaultConfigurationIsVisible = 0;
			defaultConfigurationName = Release;
		};
		B6D1A4F72BAD2C540059942D /* Build configuration list for PBXNativeTarget "bartender" */ = {
			isa = XCConfigurationList;
			buildConfigurations = (
				B6D1A4F82BAD2C540059942D /* Debug */,
				B6D1A4F92BAD2C540059942D /* Release */,
			);
			defaultConfigurationIsVisible = 0;
			defaultConfigurationName = Release;
		};
/* End XCConfigurationList section */
	};
	rootObject = B6D1A4DF2BAD2C530059942D /* Project object */;
}
